PODS:
  - AFNetworking (2.5.0):
    - AFNetworking/NSURLConnection (= 2.5.0)
    - AFNetworking/NSURLSession (= 2.5.0)
    - AFNetworking/Reachability (= 2.5.0)
    - AFNetworking/Security (= 2.5.0)
    - AFNetworking/Serialization (= 2.5.0)
    - AFNetworking/UIKit (= 2.5.0)
  - AFNetworking/NSURLConnection (2.5.0):
    - AFNetworking/Reachability
    - AFNetworking/Security
    - AFNetworking/Serialization
  - AFNetworking/NSURLSession (2.5.0):
    - AFNetworking/Reachability
    - AFNetworking/Security
    - AFNetworking/Serialization
  - AFNetworking/Reachability (2.5.0)
  - AFNetworking/Security (2.5.0)
  - AFNetworking/Serialization (2.5.0)
  - AFNetworking/UIKit (2.5.0):
    - AFNetworking/NSURLConnection
    - AFNetworking/NSURLSession
  - CocoaLumberjack (1.8.1):
    - CocoaLumberjack/Extensions (= 1.8.1)
  - CocoaLumberjack/Core (1.8.1)
  - CocoaLumberjack/Extensions (1.8.1):
    - CocoaLumberjack/Core
  - Flannel (1.0.1):
    - CocoaLumberjack (~> 1.8.1)
  - Mantle (1.5.3):
    - Mantle/extobjc (= 1.5.3)
  - Mantle/extobjc (1.5.3)
  - Reachability (3.2)
  - SSPullToRefresh (1.2.2)
  - TTTAttributedLabel (1.13.0)

DEPENDENCIES:
  - AFNetworking
  - CocoaLumberjack
  - Flannel
  - Mantle
  - Reachability
  - SSPullToRefresh (~> 1.2)
  - TTTAttributedLabel

SPEC CHECKSUMS:
  AFNetworking: 96ac9bf3eda33582701cb1fcc5b896aa1e20311e
  CocoaLumberjack: 555162681b9c20a271909b235c43f6bbd5d512e1
  Flannel: f1c85483e873bdf7f4a199aba2d3e455c0981d96
  Mantle: 7dddb082367d3e13bd244636d56838481c4552fe
  Reachability: 33e18b67625424e47b6cde6d202dce689ad7af96
  SSPullToRefresh: 699d592f8e4264edc36b20b49d60f25eeb5fb77d
  TTTAttributedLabel: 8aeaf67481bb38970711e2641211cba912bd5239

COCOAPODS: 0.37.1
