// !$*UTF8*$!
{
	archiveVersion = 1;
	classes = {
	};
	objectVersion = 46;
	objects = {

/* Begin PBXBuildFile section */
		06362F421B2A88E700CB30FA /* NPRNetworkConstants.m in Sources */ = {isa = PBXBuildFile; fileRef = 06362F411B2A88E700CB30FA /* NPRNetworkConstants.m */; };
		06CBF3121B2B27B3005F6210 /* UIImage+NPRStyle.m in Sources */ = {isa = PBXBuildFile; fileRef = 06CBF3111B2B27B3005F6210 /* UIImage+NPRStyle.m */; };
		06CBF3181B2B59DD005F6210 /* NPRAudioPlayerToolbar.m in Sources */ = {isa = PBXBuildFile; fileRef = 06CBF3171B2B59DD005F6210 /* NPRAudioPlayerToolbar.m */; };
		06CBF3231B2B7F44005F6210 /* GothamRounded-Book.otf in Resources */ = {isa = PBXBuildFile; fileRef = 06CBF3221B2B7E37005F6210 /* GothamRounded-Book.otf */; };
		06CBF3241B2B7FCB005F6210 /* GothamRounded-BookItalic.otf in Resources */ = {isa = PBXBuildFile; fileRef = 06CBF31D1B2B7C51005F6210 /* GothamRounded-BookItalic.otf */; };
		06CBF3251B2B7FCE005F6210 /* GothamRounded-Bold.otf in Resources */ = {isa = PBXBuildFile; fileRef = 06CBF31A1B2B7C51005F6210 /* GothamRounded-Bold.otf */; };
		06CBF3261B2B7FD1005F6210 /* GothamRounded-BoldItalic.otf in Resources */ = {isa = PBXBuildFile; fileRef = 06CBF31B1B2B7C51005F6210 /* GothamRounded-BoldItalic.otf */; };
		06CBF3271B2B7FD4005F6210 /* GothamRounded-Light.otf in Resources */ = {isa = PBXBuildFile; fileRef = 06CBF31E1B2B7C51005F6210 /* GothamRounded-Light.otf */; };
		06CBF3281B2B7FD8005F6210 /* GothamRounded-LightItalic.otf in Resources */ = {isa = PBXBuildFile; fileRef = 06CBF31F1B2B7C51005F6210 /* GothamRounded-LightItalic.otf */; };
		06CBF3291B2B7FDB005F6210 /* GothamRounded-Medium.otf in Resources */ = {isa = PBXBuildFile; fileRef = 06CBF3211B2B7C51005F6210 /* GothamRounded-Medium.otf */; };
		06CBF32A1B2B7FDF005F6210 /* GothamRounded-MediumItalic.otf in Resources */ = {isa = PBXBuildFile; fileRef = 06CBF3201B2B7C51005F6210 /* GothamRounded-MediumItalic.otf */; };
		06EAC5881B29413E000FC33A /* NPRStationCollectionViewCell.m in Sources */ = {isa = PBXBuildFile; fileRef = 06EAC5861B29413E000FC33A /* NPRStationCollectionViewCell.m */; };
		06EAC5891B29413E000FC33A /* NPRStationCollectionViewCell.xib in Resources */ = {isa = PBXBuildFile; fileRef = 06EAC5871B29413E000FC33A /* NPRStationCollectionViewCell.xib */; };
		06EAC58C1B2943CC000FC33A /* UICollectionReusableView+NPRUtil.m in Sources */ = {isa = PBXBuildFile; fileRef = 06EAC58B1B2943CC000FC33A /* UICollectionReusableView+NPRUtil.m */; };
		06EAC58F1B29518B000FC33A /* NPRExpandAnimationController.m in Sources */ = {isa = PBXBuildFile; fileRef = 06EAC58E1B29518B000FC33A /* NPRExpandAnimationController.m */; };
		06EAC5921B29EFBE000FC33A /* NPRStation+RZImport.m in Sources */ = {isa = PBXBuildFile; fileRef = 06EAC5911B29EFBE000FC33A /* NPRStation+RZImport.m */; };
		06EAC5951B29F3E1000FC33A /* NPRStationUrl+RZImport.m in Sources */ = {isa = PBXBuildFile; fileRef = 06EAC5941B29F3E1000FC33A /* NPRStationUrl+RZImport.m */; };
		06EAC5981B29F51B000FC33A /* NPRProgram+RZImport.m in Sources */ = {isa = PBXBuildFile; fileRef = 06EAC5971B29F51B000FC33A /* NPRProgram+RZImport.m */; };
		06EAC59B1B2A0DF7000FC33A /* UIFont+NPRStyle.m in Sources */ = {isa = PBXBuildFile; fileRef = 06EAC59A1B2A0DF7000FC33A /* UIFont+NPRStyle.m */; };
		06EAC59E1B2A0E39000FC33A /* UIColor+NPRStyle.m in Sources */ = {isa = PBXBuildFile; fileRef = 06EAC59D1B2A0E39000FC33A /* UIColor+NPRStyle.m */; };
		06EAC5A21B2A106C000FC33A /* UIScreen+NPRUtil.m in Sources */ = {isa = PBXBuildFile; fileRef = 06EAC5A11B2A106C000FC33A /* UIScreen+NPRUtil.m */; };
		06EAC5A51B2A1571000FC33A /* UITableViewCell+NPRUtil.m in Sources */ = {isa = PBXBuildFile; fileRef = 06EAC5A41B2A1571000FC33A /* UITableViewCell+NPRUtil.m */; };
		06EAC5A81B2A15D0000FC33A /* NSString+NPRUtil.m in Sources */ = {isa = PBXBuildFile; fileRef = 06EAC5A71B2A15D0000FC33A /* NSString+NPRUtil.m */; };
		06EAC5AB1B2A1B65000FC33A /* NPRSwitchConstants.m in Sources */ = {isa = PBXBuildFile; fileRef = 06EAC5AA1B2A1B65000FC33A /* NPRSwitchConstants.m */; };
		06EAC5AE1B2A1B9D000FC33A /* NPRErrorConstants.m in Sources */ = {isa = PBXBuildFile; fileRef = 06EAC5AD1B2A1B9D000FC33A /* NPRErrorConstants.m */; };
		06EAC5B11B2A1BB2000FC33A /* NPRPrivateConstants.m in Sources */ = {isa = PBXBuildFile; fileRef = 06EAC5B01B2A1BB2000FC33A /* NPRPrivateConstants.m */; };
		06EAC5B61B2A2037000FC33A /* NPRPermissionViewController.m in Sources */ = {isa = PBXBuildFile; fileRef = 06EAC5B41B2A2037000FC33A /* NPRPermissionViewController.m */; };
		06EAC5B71B2A2037000FC33A /* NPRPermissionViewController.xib in Resources */ = {isa = PBXBuildFile; fileRef = 06EAC5B51B2A2037000FC33A /* NPRPermissionViewController.xib */; };
		23E5A6989EE922B4A7866FF6 /* libPods.a in Frameworks */ = {isa = PBXBuildFile; fileRef = 265456F037BDBA03C95999CA /* libPods.a */; };
		480088491A6F2C44004AB56C /* NPRSlideAnimationController.m in Sources */ = {isa = PBXBuildFile; fileRef = 480088481A6F2C44004AB56C /* NPRSlideAnimationController.m */; };
		480FA7EF1A650A4E00FC1C52 /* NPRProgram.m in Sources */ = {isa = PBXBuildFile; fileRef = 480FA7EE1A650A4E00FC1C52 /* NPRProgram.m */; };
		480FA7FF1A678B5D00FC1C52 /* NPRBaseNavigationController.m in Sources */ = {isa = PBXBuildFile; fileRef = 480FA7FE1A678B5D00FC1C52 /* NPRBaseNavigationController.m */; };
		480FA8031A678F0300FC1C52 /* NPRTransitionController.m in Sources */ = {isa = PBXBuildFile; fileRef = 480FA8021A678F0300FC1C52 /* NPRTransitionController.m */; };
		482D70221A5D2FA60006315B /* NPRNetworkManager.m in Sources */ = {isa = PBXBuildFile; fileRef = 482D70211A5D2FA60006315B /* NPRNetworkManager.m */; };
		482D70251A5D903A0006315B /* NPRStationUrl.m in Sources */ = {isa = PBXBuildFile; fileRef = 482D70241A5D903A0006315B /* NPRStationUrl.m */; };
		482D70341A5E17270006315B /* UIImage+ImageEffects.m in Sources */ = {isa = PBXBuildFile; fileRef = 482D70331A5E17270006315B /* UIImage+ImageEffects.m */; };
		482D70381A5E43E40006315B /* NPRSearchViewController.m in Sources */ = {isa = PBXBuildFile; fileRef = 482D70371A5E43E40006315B /* NPRSearchViewController.m */; };
		482D703A1A5E43F20006315B /* NPRSearchViewController.xib in Resources */ = {isa = PBXBuildFile; fileRef = 482D70391A5E43F20006315B /* NPRSearchViewController.xib */; };
		482D704E1A5F4B580006315B /* NPRSplashViewController.m in Sources */ = {isa = PBXBuildFile; fileRef = 482D704D1A5F4B580006315B /* NPRSplashViewController.m */; };
		482D70501A5F4B620006315B /* NPRSplashViewController.xib in Resources */ = {isa = PBXBuildFile; fileRef = 482D704F1A5F4B620006315B /* NPRSplashViewController.xib */; };
		482D705C1A60547D0006315B /* NPRStationViewController.m in Sources */ = {isa = PBXBuildFile; fileRef = 482D705A1A60547D0006315B /* NPRStationViewController.m */; };
		482D705D1A60547D0006315B /* NPRStationViewController.xib in Resources */ = {isa = PBXBuildFile; fileRef = 482D705B1A60547D0006315B /* NPRStationViewController.xib */; };
		4837D67A1A7EF972009F2A0F /* NPRAudioManager.m in Sources */ = {isa = PBXBuildFile; fileRef = 4837D6791A7EF972009F2A0F /* NPRAudioManager.m */; };
		483C2D461A5C72FA007B9995 /* main.m in Sources */ = {isa = PBXBuildFile; fileRef = 483C2D451A5C72FA007B9995 /* main.m */; };
		483C2D491A5C72FA007B9995 /* NPRAppDelegate.m in Sources */ = {isa = PBXBuildFile; fileRef = 483C2D481A5C72FA007B9995 /* NPRAppDelegate.m */; };
		483C2D511A5C72FA007B9995 /* Images.xcassets in Resources */ = {isa = PBXBuildFile; fileRef = 483C2D501A5C72FA007B9995 /* Images.xcassets */; };
		483C2D541A5C72FA007B9995 /* LaunchScreen.xib in Resources */ = {isa = PBXBuildFile; fileRef = 483C2D521A5C72FA007B9995 /* LaunchScreen.xib */; };
		483C2D601A5C72FB007B9995 /* NPRFinderTests.m in Sources */ = {isa = PBXBuildFile; fileRef = 483C2D5F1A5C72FB007B9995 /* NPRFinderTests.m */; };
		483C2D731A5C79FB007B9995 /* NPRHomeViewController.m in Sources */ = {isa = PBXBuildFile; fileRef = 483C2D721A5C79FB007B9995 /* NPRHomeViewController.m */; };
		483C2D781A5C7A1E007B9995 /* NPRHomeViewController.xib in Resources */ = {isa = PBXBuildFile; fileRef = 483C2D771A5C7A1E007B9995 /* NPRHomeViewController.xib */; };
		48A744EC1A7B5066001B1401 /* NPRNavigationBar.m in Sources */ = {isa = PBXBuildFile; fileRef = 48A744EB1A7B5066001B1401 /* NPRNavigationBar.m */; };
		48E504A61A5CAC52005856D8 /* NPRStation.m in Sources */ = {isa = PBXBuildFile; fileRef = 48E504A51A5CAC52005856D8 /* NPRStation.m */; };
		48E504A91A5CAD3F005856D8 /* NPRBaseViewController.m in Sources */ = {isa = PBXBuildFile; fileRef = 48E504A81A5CAD3F005856D8 /* NPRBaseViewController.m */; };
		48E504B11A5D1FE9005856D8 /* NPRLocationManager.m in Sources */ = {isa = PBXBuildFile; fileRef = 48E504B01A5D1FE9005856D8 /* NPRLocationManager.m */; };
		48E504B51A5D22F1005856D8 /* NPRErrorManager.m in Sources */ = {isa = PBXBuildFile; fileRef = 48E504B41A5D22F1005856D8 /* NPRErrorManager.m */; };
		48E504B91A5D2510005856D8 /* NPRNotificationManager.m in Sources */ = {isa = PBXBuildFile; fileRef = 48E504B81A5D2510005856D8 /* NPRNotificationManager.m */; };
/* End PBXBuildFile section */

/* Begin PBXContainerItemProxy section */
		483C2D5A1A5C72FB007B9995 /* PBXContainerItemProxy */ = {
			isa = PBXContainerItemProxy;
			containerPortal = 483C2D381A5C72FA007B9995 /* Project object */;
			proxyType = 1;
			remoteGlobalIDString = 483C2D3F1A5C72FA007B9995;
			remoteInfo = NPRFinder;
		};
/* End PBXContainerItemProxy section */

/* Begin PBXFileReference section */
		06362F401B2A88E700CB30FA /* NPRNetworkConstants.h */ = {isa = PBXFileReference; fileEncoding = 4; lastKnownFileType = sourcecode.c.h; path = NPRNetworkConstants.h; sourceTree = "<group>"; };
		06362F411B2A88E700CB30FA /* NPRNetworkConstants.m */ = {isa = PBXFileReference; fileEncoding = 4; lastKnownFileType = sourcecode.c.objc; path = NPRNetworkConstants.m; sourceTree = "<group>"; };
		06CBF3101B2B27B3005F6210 /* UIImage+NPRStyle.h */ = {isa = PBXFileReference; fileEncoding = 4; lastKnownFileType = sourcecode.c.h; path = "UIImage+NPRStyle.h"; sourceTree = "<group>"; };
		06CBF3111B2B27B3005F6210 /* UIImage+NPRStyle.m */ = {isa = PBXFileReference; fileEncoding = 4; lastKnownFileType = sourcecode.c.objc; path = "UIImage+NPRStyle.m"; sourceTree = "<group>"; };
		06CBF3161B2B59DD005F6210 /* NPRAudioPlayerToolbar.h */ = {isa = PBXFileReference; fileEncoding = 4; lastKnownFileType = sourcecode.c.h; path = NPRAudioPlayerToolbar.h; sourceTree = "<group>"; };
		06CBF3171B2B59DD005F6210 /* NPRAudioPlayerToolbar.m */ = {isa = PBXFileReference; fileEncoding = 4; lastKnownFileType = sourcecode.c.objc; path = NPRAudioPlayerToolbar.m; sourceTree = "<group>"; };
		06CBF31A1B2B7C51005F6210 /* GothamRounded-Bold.otf */ = {isa = PBXFileReference; lastKnownFileType = file; path = "GothamRounded-Bold.otf"; sourceTree = "<group>"; };
		06CBF31B1B2B7C51005F6210 /* GothamRounded-BoldItalic.otf */ = {isa = PBXFileReference; lastKnownFileType = file; path = "GothamRounded-BoldItalic.otf"; sourceTree = "<group>"; };
		06CBF31D1B2B7C51005F6210 /* GothamRounded-BookItalic.otf */ = {isa = PBXFileReference; lastKnownFileType = file; path = "GothamRounded-BookItalic.otf"; sourceTree = "<group>"; };
		06CBF31E1B2B7C51005F6210 /* GothamRounded-Light.otf */ = {isa = PBXFileReference; lastKnownFileType = file; path = "GothamRounded-Light.otf"; sourceTree = "<group>"; };
		06CBF31F1B2B7C51005F6210 /* GothamRounded-LightItalic.otf */ = {isa = PBXFileReference; lastKnownFileType = file; path = "GothamRounded-LightItalic.otf"; sourceTree = "<group>"; };
		06CBF3201B2B7C51005F6210 /* GothamRounded-MediumItalic.otf */ = {isa = PBXFileReference; lastKnownFileType = file; path = "GothamRounded-MediumItalic.otf"; sourceTree = "<group>"; };
		06CBF3211B2B7C51005F6210 /* GothamRounded-Medium.otf */ = {isa = PBXFileReference; lastKnownFileType = file; path = "GothamRounded-Medium.otf"; sourceTree = "<group>"; };
		06CBF3221B2B7E37005F6210 /* GothamRounded-Book.otf */ = {isa = PBXFileReference; lastKnownFileType = file; path = "GothamRounded-Book.otf"; sourceTree = "<group>"; };
		06EAC5851B29413E000FC33A /* NPRStationCollectionViewCell.h */ = {isa = PBXFileReference; fileEncoding = 4; lastKnownFileType = sourcecode.c.h; path = NPRStationCollectionViewCell.h; sourceTree = "<group>"; };
		06EAC5861B29413E000FC33A /* NPRStationCollectionViewCell.m */ = {isa = PBXFileReference; fileEncoding = 4; lastKnownFileType = sourcecode.c.objc; path = NPRStationCollectionViewCell.m; sourceTree = "<group>"; };
		06EAC5871B29413E000FC33A /* NPRStationCollectionViewCell.xib */ = {isa = PBXFileReference; fileEncoding = 4; lastKnownFileType = file.xib; path = NPRStationCollectionViewCell.xib; sourceTree = "<group>"; };
		06EAC58A1B2943CC000FC33A /* UICollectionReusableView+NPRUtil.h */ = {isa = PBXFileReference; fileEncoding = 4; lastKnownFileType = sourcecode.c.h; path = "UICollectionReusableView+NPRUtil.h"; sourceTree = "<group>"; };
		06EAC58B1B2943CC000FC33A /* UICollectionReusableView+NPRUtil.m */ = {isa = PBXFileReference; fileEncoding = 4; lastKnownFileType = sourcecode.c.objc; path = "UICollectionReusableView+NPRUtil.m"; sourceTree = "<group>"; };
		06EAC58D1B29518B000FC33A /* NPRExpandAnimationController.h */ = {isa = PBXFileReference; fileEncoding = 4; lastKnownFileType = sourcecode.c.h; path = NPRExpandAnimationController.h; sourceTree = "<group>"; };
		06EAC58E1B29518B000FC33A /* NPRExpandAnimationController.m */ = {isa = PBXFileReference; fileEncoding = 4; lastKnownFileType = sourcecode.c.objc; path = NPRExpandAnimationController.m; sourceTree = "<group>"; };
		06EAC5901B29EFBE000FC33A /* NPRStation+RZImport.h */ = {isa = PBXFileReference; fileEncoding = 4; lastKnownFileType = sourcecode.c.h; path = "NPRStation+RZImport.h"; sourceTree = "<group>"; };
		06EAC5911B29EFBE000FC33A /* NPRStation+RZImport.m */ = {isa = PBXFileReference; fileEncoding = 4; lastKnownFileType = sourcecode.c.objc; path = "NPRStation+RZImport.m"; sourceTree = "<group>"; };
		06EAC5931B29F3E1000FC33A /* NPRStationUrl+RZImport.h */ = {isa = PBXFileReference; fileEncoding = 4; lastKnownFileType = sourcecode.c.h; path = "NPRStationUrl+RZImport.h"; sourceTree = "<group>"; };
		06EAC5941B29F3E1000FC33A /* NPRStationUrl+RZImport.m */ = {isa = PBXFileReference; fileEncoding = 4; lastKnownFileType = sourcecode.c.objc; path = "NPRStationUrl+RZImport.m"; sourceTree = "<group>"; };
		06EAC5961B29F51B000FC33A /* NPRProgram+RZImport.h */ = {isa = PBXFileReference; fileEncoding = 4; lastKnownFileType = sourcecode.c.h; path = "NPRProgram+RZImport.h"; sourceTree = "<group>"; };
		06EAC5971B29F51B000FC33A /* NPRProgram+RZImport.m */ = {isa = PBXFileReference; fileEncoding = 4; lastKnownFileType = sourcecode.c.objc; path = "NPRProgram+RZImport.m"; sourceTree = "<group>"; };
		06EAC5991B2A0DF7000FC33A /* UIFont+NPRStyle.h */ = {isa = PBXFileReference; fileEncoding = 4; lastKnownFileType = sourcecode.c.h; path = "UIFont+NPRStyle.h"; sourceTree = "<group>"; };
		06EAC59A1B2A0DF7000FC33A /* UIFont+NPRStyle.m */ = {isa = PBXFileReference; fileEncoding = 4; lastKnownFileType = sourcecode.c.objc; path = "UIFont+NPRStyle.m"; sourceTree = "<group>"; };
		06EAC59C1B2A0E39000FC33A /* UIColor+NPRStyle.h */ = {isa = PBXFileReference; fileEncoding = 4; lastKnownFileType = sourcecode.c.h; path = "UIColor+NPRStyle.h"; sourceTree = "<group>"; };
		06EAC59D1B2A0E39000FC33A /* UIColor+NPRStyle.m */ = {isa = PBXFileReference; fileEncoding = 4; lastKnownFileType = sourcecode.c.objc; path = "UIColor+NPRStyle.m"; sourceTree = "<group>"; };
		06EAC5A01B2A106C000FC33A /* UIScreen+NPRUtil.h */ = {isa = PBXFileReference; fileEncoding = 4; lastKnownFileType = sourcecode.c.h; path = "UIScreen+NPRUtil.h"; sourceTree = "<group>"; };
		06EAC5A11B2A106C000FC33A /* UIScreen+NPRUtil.m */ = {isa = PBXFileReference; fileEncoding = 4; lastKnownFileType = sourcecode.c.objc; path = "UIScreen+NPRUtil.m"; sourceTree = "<group>"; };
		06EAC5A31B2A1571000FC33A /* UITableViewCell+NPRUtil.h */ = {isa = PBXFileReference; fileEncoding = 4; lastKnownFileType = sourcecode.c.h; path = "UITableViewCell+NPRUtil.h"; sourceTree = "<group>"; };
		06EAC5A41B2A1571000FC33A /* UITableViewCell+NPRUtil.m */ = {isa = PBXFileReference; fileEncoding = 4; lastKnownFileType = sourcecode.c.objc; path = "UITableViewCell+NPRUtil.m"; sourceTree = "<group>"; };
		06EAC5A61B2A15D0000FC33A /* NSString+NPRUtil.h */ = {isa = PBXFileReference; fileEncoding = 4; lastKnownFileType = sourcecode.c.h; path = "NSString+NPRUtil.h"; sourceTree = "<group>"; };
		06EAC5A71B2A15D0000FC33A /* NSString+NPRUtil.m */ = {isa = PBXFileReference; fileEncoding = 4; lastKnownFileType = sourcecode.c.objc; path = "NSString+NPRUtil.m"; sourceTree = "<group>"; };
		06EAC5A91B2A1B65000FC33A /* NPRSwitchConstants.h */ = {isa = PBXFileReference; fileEncoding = 4; lastKnownFileType = sourcecode.c.h; path = NPRSwitchConstants.h; sourceTree = "<group>"; };
		06EAC5AA1B2A1B65000FC33A /* NPRSwitchConstants.m */ = {isa = PBXFileReference; fileEncoding = 4; lastKnownFileType = sourcecode.c.objc; path = NPRSwitchConstants.m; sourceTree = "<group>"; };
		06EAC5AC1B2A1B9D000FC33A /* NPRErrorConstants.h */ = {isa = PBXFileReference; fileEncoding = 4; lastKnownFileType = sourcecode.c.h; path = NPRErrorConstants.h; sourceTree = "<group>"; };
		06EAC5AD1B2A1B9D000FC33A /* NPRErrorConstants.m */ = {isa = PBXFileReference; fileEncoding = 4; lastKnownFileType = sourcecode.c.objc; path = NPRErrorConstants.m; sourceTree = "<group>"; };
		06EAC5AF1B2A1BB2000FC33A /* NPRPrivateConstants.h */ = {isa = PBXFileReference; fileEncoding = 4; lastKnownFileType = sourcecode.c.h; path = NPRPrivateConstants.h; sourceTree = "<group>"; };
		06EAC5B01B2A1BB2000FC33A /* NPRPrivateConstants.m */ = {isa = PBXFileReference; fileEncoding = 4; lastKnownFileType = sourcecode.c.objc; path = NPRPrivateConstants.m; sourceTree = "<group>"; };
		06EAC5B31B2A2037000FC33A /* NPRPermissionViewController.h */ = {isa = PBXFileReference; fileEncoding = 4; lastKnownFileType = sourcecode.c.h; path = NPRPermissionViewController.h; sourceTree = "<group>"; };
		06EAC5B41B2A2037000FC33A /* NPRPermissionViewController.m */ = {isa = PBXFileReference; fileEncoding = 4; lastKnownFileType = sourcecode.c.objc; path = NPRPermissionViewController.m; sourceTree = "<group>"; };
		06EAC5B51B2A2037000FC33A /* NPRPermissionViewController.xib */ = {isa = PBXFileReference; fileEncoding = 4; lastKnownFileType = file.xib; path = NPRPermissionViewController.xib; sourceTree = "<group>"; };
		265456F037BDBA03C95999CA /* libPods.a */ = {isa = PBXFileReference; explicitFileType = archive.ar; includeInIndex = 0; path = libPods.a; sourceTree = BUILT_PRODUCTS_DIR; };
		33D19D9A881CFE329A7961F8 /* Pods.debug.xcconfig */ = {isa = PBXFileReference; includeInIndex = 1; lastKnownFileType = text.xcconfig; name = Pods.debug.xcconfig; path = "Pods/Target Support Files/Pods/Pods.debug.xcconfig"; sourceTree = "<group>"; };
		480088471A6F2C44004AB56C /* NPRSlideAnimationController.h */ = {isa = PBXFileReference; fileEncoding = 4; lastKnownFileType = sourcecode.c.h; path = NPRSlideAnimationController.h; sourceTree = "<group>"; };
		480088481A6F2C44004AB56C /* NPRSlideAnimationController.m */ = {isa = PBXFileReference; fileEncoding = 4; lastKnownFileType = sourcecode.c.objc; path = NPRSlideAnimationController.m; sourceTree = "<group>"; };
		480FA7ED1A650A4E00FC1C52 /* NPRProgram.h */ = {isa = PBXFileReference; fileEncoding = 4; lastKnownFileType = sourcecode.c.h; path = NPRProgram.h; sourceTree = "<group>"; };
		480FA7EE1A650A4E00FC1C52 /* NPRProgram.m */ = {isa = PBXFileReference; fileEncoding = 4; lastKnownFileType = sourcecode.c.objc; path = NPRProgram.m; sourceTree = "<group>"; };
		480FA7FD1A678B5D00FC1C52 /* NPRBaseNavigationController.h */ = {isa = PBXFileReference; fileEncoding = 4; lastKnownFileType = sourcecode.c.h; path = NPRBaseNavigationController.h; sourceTree = "<group>"; };
		480FA7FE1A678B5D00FC1C52 /* NPRBaseNavigationController.m */ = {isa = PBXFileReference; fileEncoding = 4; lastKnownFileType = sourcecode.c.objc; path = NPRBaseNavigationController.m; sourceTree = "<group>"; };
		480FA8011A678F0300FC1C52 /* NPRTransitionController.h */ = {isa = PBXFileReference; fileEncoding = 4; lastKnownFileType = sourcecode.c.h; path = NPRTransitionController.h; sourceTree = "<group>"; };
		480FA8021A678F0300FC1C52 /* NPRTransitionController.m */ = {isa = PBXFileReference; fileEncoding = 4; lastKnownFileType = sourcecode.c.objc; path = NPRTransitionController.m; sourceTree = "<group>"; };
		482D70201A5D2FA60006315B /* NPRNetworkManager.h */ = {isa = PBXFileReference; fileEncoding = 4; lastKnownFileType = sourcecode.c.h; path = NPRNetworkManager.h; sourceTree = "<group>"; };
		482D70211A5D2FA60006315B /* NPRNetworkManager.m */ = {isa = PBXFileReference; fileEncoding = 4; lastKnownFileType = sourcecode.c.objc; path = NPRNetworkManager.m; sourceTree = "<group>"; };
		482D70231A5D903A0006315B /* NPRStationUrl.h */ = {isa = PBXFileReference; fileEncoding = 4; lastKnownFileType = sourcecode.c.h; path = NPRStationUrl.h; sourceTree = "<group>"; };
		482D70241A5D903A0006315B /* NPRStationUrl.m */ = {isa = PBXFileReference; fileEncoding = 4; lastKnownFileType = sourcecode.c.objc; path = NPRStationUrl.m; sourceTree = "<group>"; };
		482D70321A5E17270006315B /* UIImage+ImageEffects.h */ = {isa = PBXFileReference; fileEncoding = 4; lastKnownFileType = sourcecode.c.h; path = "UIImage+ImageEffects.h"; sourceTree = "<group>"; };
		482D70331A5E17270006315B /* UIImage+ImageEffects.m */ = {isa = PBXFileReference; fileEncoding = 4; lastKnownFileType = sourcecode.c.objc; path = "UIImage+ImageEffects.m"; sourceTree = "<group>"; };
		482D70361A5E43E40006315B /* NPRSearchViewController.h */ = {isa = PBXFileReference; fileEncoding = 4; lastKnownFileType = sourcecode.c.h; path = NPRSearchViewController.h; sourceTree = "<group>"; };
		482D70371A5E43E40006315B /* NPRSearchViewController.m */ = {isa = PBXFileReference; fileEncoding = 4; lastKnownFileType = sourcecode.c.objc; path = NPRSearchViewController.m; sourceTree = "<group>"; };
		482D70391A5E43F20006315B /* NPRSearchViewController.xib */ = {isa = PBXFileReference; fileEncoding = 4; lastKnownFileType = file.xib; path = NPRSearchViewController.xib; sourceTree = "<group>"; };
		482D704C1A5F4B580006315B /* NPRSplashViewController.h */ = {isa = PBXFileReference; fileEncoding = 4; lastKnownFileType = sourcecode.c.h; path = NPRSplashViewController.h; sourceTree = "<group>"; };
		482D704D1A5F4B580006315B /* NPRSplashViewController.m */ = {isa = PBXFileReference; fileEncoding = 4; lastKnownFileType = sourcecode.c.objc; path = NPRSplashViewController.m; sourceTree = "<group>"; };
		482D704F1A5F4B620006315B /* NPRSplashViewController.xib */ = {isa = PBXFileReference; fileEncoding = 4; lastKnownFileType = file.xib; path = NPRSplashViewController.xib; sourceTree = "<group>"; };
		482D70591A60547D0006315B /* NPRStationViewController.h */ = {isa = PBXFileReference; fileEncoding = 4; lastKnownFileType = sourcecode.c.h; path = NPRStationViewController.h; sourceTree = "<group>"; };
		482D705A1A60547D0006315B /* NPRStationViewController.m */ = {isa = PBXFileReference; fileEncoding = 4; lastKnownFileType = sourcecode.c.objc; path = NPRStationViewController.m; sourceTree = "<group>"; };
		482D705B1A60547D0006315B /* NPRStationViewController.xib */ = {isa = PBXFileReference; fileEncoding = 4; lastKnownFileType = file.xib; path = NPRStationViewController.xib; sourceTree = "<group>"; };
		4837D6781A7EF972009F2A0F /* NPRAudioManager.h */ = {isa = PBXFileReference; fileEncoding = 4; lastKnownFileType = sourcecode.c.h; path = NPRAudioManager.h; sourceTree = "<group>"; };
		4837D6791A7EF972009F2A0F /* NPRAudioManager.m */ = {isa = PBXFileReference; fileEncoding = 4; lastKnownFileType = sourcecode.c.objc; path = NPRAudioManager.m; sourceTree = "<group>"; };
		483C2D401A5C72FA007B9995 /* Discover.app */ = {isa = PBXFileReference; explicitFileType = wrapper.application; includeInIndex = 0; path = Discover.app; sourceTree = BUILT_PRODUCTS_DIR; };
		483C2D441A5C72FA007B9995 /* Info.plist */ = {isa = PBXFileReference; lastKnownFileType = text.plist.xml; path = Info.plist; sourceTree = "<group>"; };
		483C2D451A5C72FA007B9995 /* main.m */ = {isa = PBXFileReference; lastKnownFileType = sourcecode.c.objc; path = main.m; sourceTree = "<group>"; };
		483C2D471A5C72FA007B9995 /* NPRAppDelegate.h */ = {isa = PBXFileReference; lastKnownFileType = sourcecode.c.h; path = NPRAppDelegate.h; sourceTree = "<group>"; };
		483C2D481A5C72FA007B9995 /* NPRAppDelegate.m */ = {isa = PBXFileReference; lastKnownFileType = sourcecode.c.objc; path = NPRAppDelegate.m; sourceTree = "<group>"; };
		483C2D501A5C72FA007B9995 /* Images.xcassets */ = {isa = PBXFileReference; lastKnownFileType = folder.assetcatalog; path = Images.xcassets; sourceTree = "<group>"; };
		483C2D531A5C72FA007B9995 /* Base */ = {isa = PBXFileReference; lastKnownFileType = file.xib; name = Base; path = Base.lproj/LaunchScreen.xib; sourceTree = "<group>"; };
		483C2D591A5C72FB007B9995 /* NPRFinderTests.xctest */ = {isa = PBXFileReference; explicitFileType = wrapper.cfbundle; includeInIndex = 0; path = NPRFinderTests.xctest; sourceTree = BUILT_PRODUCTS_DIR; };
		483C2D5E1A5C72FB007B9995 /* Info.plist */ = {isa = PBXFileReference; lastKnownFileType = text.plist.xml; path = Info.plist; sourceTree = "<group>"; };
		483C2D5F1A5C72FB007B9995 /* NPRFinderTests.m */ = {isa = PBXFileReference; lastKnownFileType = sourcecode.c.objc; path = NPRFinderTests.m; sourceTree = "<group>"; };
		483C2D711A5C79FB007B9995 /* NPRHomeViewController.h */ = {isa = PBXFileReference; fileEncoding = 4; lastKnownFileType = sourcecode.c.h; path = NPRHomeViewController.h; sourceTree = "<group>"; };
		483C2D721A5C79FB007B9995 /* NPRHomeViewController.m */ = {isa = PBXFileReference; fileEncoding = 4; lastKnownFileType = sourcecode.c.objc; path = NPRHomeViewController.m; sourceTree = "<group>"; };
		483C2D771A5C7A1E007B9995 /* NPRHomeViewController.xib */ = {isa = PBXFileReference; fileEncoding = 4; lastKnownFileType = file.xib; path = NPRHomeViewController.xib; sourceTree = "<group>"; };
		48A744EA1A7B5066001B1401 /* NPRNavigationBar.h */ = {isa = PBXFileReference; fileEncoding = 4; lastKnownFileType = sourcecode.c.h; path = NPRNavigationBar.h; sourceTree = "<group>"; };
		48A744EB1A7B5066001B1401 /* NPRNavigationBar.m */ = {isa = PBXFileReference; fileEncoding = 4; lastKnownFileType = sourcecode.c.objc; path = NPRNavigationBar.m; sourceTree = "<group>"; };
		48E504A41A5CAC52005856D8 /* NPRStation.h */ = {isa = PBXFileReference; fileEncoding = 4; lastKnownFileType = sourcecode.c.h; path = NPRStation.h; sourceTree = "<group>"; };
		48E504A51A5CAC52005856D8 /* NPRStation.m */ = {isa = PBXFileReference; fileEncoding = 4; lastKnownFileType = sourcecode.c.objc; path = NPRStation.m; sourceTree = "<group>"; };
		48E504A71A5CAD3F005856D8 /* NPRBaseViewController.h */ = {isa = PBXFileReference; fileEncoding = 4; lastKnownFileType = sourcecode.c.h; path = NPRBaseViewController.h; sourceTree = "<group>"; };
		48E504A81A5CAD3F005856D8 /* NPRBaseViewController.m */ = {isa = PBXFileReference; fileEncoding = 4; lastKnownFileType = sourcecode.c.objc; path = NPRBaseViewController.m; sourceTree = "<group>"; };
		48E504AF1A5D1FE9005856D8 /* NPRLocationManager.h */ = {isa = PBXFileReference; fileEncoding = 4; lastKnownFileType = sourcecode.c.h; path = NPRLocationManager.h; sourceTree = "<group>"; };
		48E504B01A5D1FE9005856D8 /* NPRLocationManager.m */ = {isa = PBXFileReference; fileEncoding = 4; lastKnownFileType = sourcecode.c.objc; path = NPRLocationManager.m; sourceTree = "<group>"; };
		48E504B31A5D22F1005856D8 /* NPRErrorManager.h */ = {isa = PBXFileReference; fileEncoding = 4; lastKnownFileType = sourcecode.c.h; path = NPRErrorManager.h; sourceTree = "<group>"; };
		48E504B41A5D22F1005856D8 /* NPRErrorManager.m */ = {isa = PBXFileReference; fileEncoding = 4; lastKnownFileType = sourcecode.c.objc; path = NPRErrorManager.m; sourceTree = "<group>"; };
		48E504B71A5D2510005856D8 /* NPRNotificationManager.h */ = {isa = PBXFileReference; fileEncoding = 4; lastKnownFileType = sourcecode.c.h; path = NPRNotificationManager.h; sourceTree = "<group>"; };
		48E504B81A5D2510005856D8 /* NPRNotificationManager.m */ = {isa = PBXFileReference; fileEncoding = 4; lastKnownFileType = sourcecode.c.objc; path = NPRNotificationManager.m; sourceTree = "<group>"; };
		E734911B2C8F14D8A94B2E77 /* Pods.release.xcconfig */ = {isa = PBXFileReference; includeInIndex = 1; lastKnownFileType = text.xcconfig; name = Pods.release.xcconfig; path = "Pods/Target Support Files/Pods/Pods.release.xcconfig"; sourceTree = "<group>"; };
/* End PBXFileReference section */

/* Begin PBXFrameworksBuildPhase section */
		483C2D3D1A5C72FA007B9995 /* Frameworks */ = {
			isa = PBXFrameworksBuildPhase;
			buildActionMask = 2147483647;
			files = (
				23E5A6989EE922B4A7866FF6 /* libPods.a in Frameworks */,
			);
			runOnlyForDeploymentPostprocessing = 0;
		};
		483C2D561A5C72FB007B9995 /* Frameworks */ = {
			isa = PBXFrameworksBuildPhase;
			buildActionMask = 2147483647;
			files = (
			);
			runOnlyForDeploymentPostprocessing = 0;
		};
/* End PBXFrameworksBuildPhase section */

/* Begin PBXGroup section */
		06CBF3191B2B6CCB005F6210 /* Audio Player Toolbar */ = {
			isa = PBXGroup;
			children = (
				06CBF3161B2B59DD005F6210 /* NPRAudioPlayerToolbar.h */,
				06CBF3171B2B59DD005F6210 /* NPRAudioPlayerToolbar.m */,
			);
			name = "Audio Player Toolbar";
			sourceTree = "<group>";
		};
		06EAC5841B291139000FC33A /* Style */ = {
			isa = PBXGroup;
			children = (
				06EAC5991B2A0DF7000FC33A /* UIFont+NPRStyle.h */,
				06EAC59A1B2A0DF7000FC33A /* UIFont+NPRStyle.m */,
				06EAC59C1B2A0E39000FC33A /* UIColor+NPRStyle.h */,
				06EAC59D1B2A0E39000FC33A /* UIColor+NPRStyle.m */,
				06CBF3101B2B27B3005F6210 /* UIImage+NPRStyle.h */,
				06CBF3111B2B27B3005F6210 /* UIImage+NPRStyle.m */,
			);
			name = Style;
			sourceTree = "<group>";
		};
		06EAC59F1B2A0FB9000FC33A /* Util */ = {
			isa = PBXGroup;
			children = (
				06EAC58A1B2943CC000FC33A /* UICollectionReusableView+NPRUtil.h */,
				06EAC58B1B2943CC000FC33A /* UICollectionReusableView+NPRUtil.m */,
				06EAC5A31B2A1571000FC33A /* UITableViewCell+NPRUtil.h */,
				06EAC5A41B2A1571000FC33A /* UITableViewCell+NPRUtil.m */,
				06EAC5A01B2A106C000FC33A /* UIScreen+NPRUtil.h */,
				06EAC5A11B2A106C000FC33A /* UIScreen+NPRUtil.m */,
				06EAC5A61B2A15D0000FC33A /* NSString+NPRUtil.h */,
				06EAC5A71B2A15D0000FC33A /* NSString+NPRUtil.m */,
				482D70321A5E17270006315B /* UIImage+ImageEffects.h */,
				482D70331A5E17270006315B /* UIImage+ImageEffects.m */,
			);
			name = Util;
			sourceTree = "<group>";
		};
		06EAC5B21B2A2002000FC33A /* Permission */ = {
			isa = PBXGroup;
			children = (
				06EAC5B31B2A2037000FC33A /* NPRPermissionViewController.h */,
				06EAC5B41B2A2037000FC33A /* NPRPermissionViewController.m */,
				06EAC5B51B2A2037000FC33A /* NPRPermissionViewController.xib */,
			);
			name = Permission;
			sourceTree = "<group>";
		};
		0E525F4E1FACF5F41C46BC91 /* Frameworks */ = {
			isa = PBXGroup;
			children = (
				265456F037BDBA03C95999CA /* libPods.a */,
			);
			name = Frameworks;
			sourceTree = "<group>";
		};
		386992E1CA8A9B212A7BDA02 /* Pods */ = {
			isa = PBXGroup;
			children = (
				33D19D9A881CFE329A7961F8 /* Pods.debug.xcconfig */,
				E734911B2C8F14D8A94B2E77 /* Pods.release.xcconfig */,
			);
			name = Pods;
			sourceTree = "<group>";
		};
		480FA8001A678EED00FC1C52 /* Transition Controller */ = {
			isa = PBXGroup;
			children = (
				480FA8011A678F0300FC1C52 /* NPRTransitionController.h */,
				480FA8021A678F0300FC1C52 /* NPRTransitionController.m */,
			);
			name = "Transition Controller";
			sourceTree = "<group>";
		};
		482D701B1A5D2E170006315B /* Managers */ = {
			isa = PBXGroup;
			children = (
				48E504AF1A5D1FE9005856D8 /* NPRLocationManager.h */,
				48E504B01A5D1FE9005856D8 /* NPRLocationManager.m */,
				48E504B31A5D22F1005856D8 /* NPRErrorManager.h */,
				48E504B41A5D22F1005856D8 /* NPRErrorManager.m */,
				48E504B71A5D2510005856D8 /* NPRNotificationManager.h */,
				48E504B81A5D2510005856D8 /* NPRNotificationManager.m */,
				482D70201A5D2FA60006315B /* NPRNetworkManager.h */,
				482D70211A5D2FA60006315B /* NPRNetworkManager.m */,
				4837D6781A7EF972009F2A0F /* NPRAudioManager.h */,
				4837D6791A7EF972009F2A0F /* NPRAudioManager.m */,
			);
			name = Managers;
			sourceTree = "<group>";
		};
		482D701C1A5D2E290006315B /* Constants */ = {
			isa = PBXGroup;
			children = (
				06EAC5A91B2A1B65000FC33A /* NPRSwitchConstants.h */,
				06EAC5AA1B2A1B65000FC33A /* NPRSwitchConstants.m */,
				06EAC5AC1B2A1B9D000FC33A /* NPRErrorConstants.h */,
				06EAC5AD1B2A1B9D000FC33A /* NPRErrorConstants.m */,
				06EAC5AF1B2A1BB2000FC33A /* NPRPrivateConstants.h */,
				06EAC5B01B2A1BB2000FC33A /* NPRPrivateConstants.m */,
				06362F401B2A88E700CB30FA /* NPRNetworkConstants.h */,
				06362F411B2A88E700CB30FA /* NPRNetworkConstants.m */,
			);
			name = Constants;
			sourceTree = "<group>";
		};
		482D70351A5E43C30006315B /* Search */ = {
			isa = PBXGroup;
			children = (
				482D70361A5E43E40006315B /* NPRSearchViewController.h */,
				482D70371A5E43E40006315B /* NPRSearchViewController.m */,
				482D70391A5E43F20006315B /* NPRSearchViewController.xib */,
			);
			name = Search;
			sourceTree = "<group>";
		};
		482D703E1A5E50110006315B /* Animation Controllers */ = {
			isa = PBXGroup;
			children = (
				480088471A6F2C44004AB56C /* NPRSlideAnimationController.h */,
				480088481A6F2C44004AB56C /* NPRSlideAnimationController.m */,
				06EAC58D1B29518B000FC33A /* NPRExpandAnimationController.h */,
				06EAC58E1B29518B000FC33A /* NPRExpandAnimationController.m */,
			);
			name = "Animation Controllers";
			sourceTree = "<group>";
		};
		482D704B1A5F4B440006315B /* Splash */ = {
			isa = PBXGroup;
			children = (
				482D704C1A5F4B580006315B /* NPRSplashViewController.h */,
				482D704D1A5F4B580006315B /* NPRSplashViewController.m */,
				482D704F1A5F4B620006315B /* NPRSplashViewController.xib */,
			);
			name = Splash;
			sourceTree = "<group>";
		};
		482D705E1A6054840006315B /* Station */ = {
			isa = PBXGroup;
			children = (
				482D70591A60547D0006315B /* NPRStationViewController.h */,
				482D705A1A60547D0006315B /* NPRStationViewController.m */,
				482D705B1A60547D0006315B /* NPRStationViewController.xib */,
			);
			name = Station;
			sourceTree = "<group>";
		};
		483C2D371A5C72FA007B9995 = {
			isa = PBXGroup;
			children = (
				483C2D421A5C72FA007B9995 /* NPRFinder */,
				483C2D5C1A5C72FB007B9995 /* NPRFinderTests */,
				483C2D411A5C72FA007B9995 /* Products */,
				386992E1CA8A9B212A7BDA02 /* Pods */,
				0E525F4E1FACF5F41C46BC91 /* Frameworks */,
			);
			sourceTree = "<group>";
		};
		483C2D411A5C72FA007B9995 /* Products */ = {
			isa = PBXGroup;
			children = (
				483C2D401A5C72FA007B9995 /* Discover.app */,
				483C2D591A5C72FB007B9995 /* NPRFinderTests.xctest */,
			);
			name = Products;
			sourceTree = "<group>";
		};
		483C2D421A5C72FA007B9995 /* NPRFinder */ = {
			isa = PBXGroup;
			children = (
				482D704B1A5F4B440006315B /* Splash */,
				06EAC5B21B2A2002000FC33A /* Permission */,
				48E504AD1A5CB078005856D8 /* Home */,
				482D705E1A6054840006315B /* Station */,
				482D70351A5E43C30006315B /* Search */,
				48E504AE1A5CB088005856D8 /* Base */,
				482D701B1A5D2E170006315B /* Managers */,
				480FA8001A678EED00FC1C52 /* Transition Controller */,
				482D703E1A5E50110006315B /* Animation Controllers */,
				48E504AB1A5CB06A005856D8 /* Models */,
				06EAC59F1B2A0FB9000FC33A /* Util */,
				06EAC5841B291139000FC33A /* Style */,
				482D701C1A5D2E290006315B /* Constants */,
				06CBF3191B2B6CCB005F6210 /* Audio Player Toolbar */,
				48E504AA1A5CB063005856D8 /* App Delegate */,
				483C2D521A5C72FA007B9995 /* LaunchScreen.xib */,
				483C2D501A5C72FA007B9995 /* Images.xcassets */,
				483C2D431A5C72FA007B9995 /* Supporting Files */,
				48A744EA1A7B5066001B1401 /* NPRNavigationBar.h */,
				48A744EB1A7B5066001B1401 /* NPRNavigationBar.m */,
			);
			path = NPRFinder;
			sourceTree = "<group>";
		};
		483C2D431A5C72FA007B9995 /* Supporting Files */ = {
			isa = PBXGroup;
			children = (
				06CBF3221B2B7E37005F6210 /* GothamRounded-Book.otf */,
				06CBF31D1B2B7C51005F6210 /* GothamRounded-BookItalic.otf */,
				06CBF31A1B2B7C51005F6210 /* GothamRounded-Bold.otf */,
				06CBF31B1B2B7C51005F6210 /* GothamRounded-BoldItalic.otf */,
				06CBF31E1B2B7C51005F6210 /* GothamRounded-Light.otf */,
				06CBF31F1B2B7C51005F6210 /* GothamRounded-LightItalic.otf */,
				06CBF3211B2B7C51005F6210 /* GothamRounded-Medium.otf */,
				06CBF3201B2B7C51005F6210 /* GothamRounded-MediumItalic.otf */,
				483C2D441A5C72FA007B9995 /* Info.plist */,
				483C2D451A5C72FA007B9995 /* main.m */,
			);
			name = "Supporting Files";
			sourceTree = "<group>";
		};
		483C2D5C1A5C72FB007B9995 /* NPRFinderTests */ = {
			isa = PBXGroup;
			children = (
				483C2D5F1A5C72FB007B9995 /* NPRFinderTests.m */,
				483C2D5D1A5C72FB007B9995 /* Supporting Files */,
			);
			path = NPRFinderTests;
			sourceTree = "<group>";
		};
		483C2D5D1A5C72FB007B9995 /* Supporting Files */ = {
			isa = PBXGroup;
			children = (
				483C2D5E1A5C72FB007B9995 /* Info.plist */,
			);
			name = "Supporting Files";
			sourceTree = "<group>";
		};
		48E504AA1A5CB063005856D8 /* App Delegate */ = {
			isa = PBXGroup;
			children = (
				483C2D471A5C72FA007B9995 /* NPRAppDelegate.h */,
				483C2D481A5C72FA007B9995 /* NPRAppDelegate.m */,
			);
			name = "App Delegate";
			sourceTree = "<group>";
		};
		48E504AB1A5CB06A005856D8 /* Models */ = {
			isa = PBXGroup;
			children = (
				48E504A41A5CAC52005856D8 /* NPRStation.h */,
				48E504A51A5CAC52005856D8 /* NPRStation.m */,
				06EAC5901B29EFBE000FC33A /* NPRStation+RZImport.h */,
				06EAC5911B29EFBE000FC33A /* NPRStation+RZImport.m */,
				482D70231A5D903A0006315B /* NPRStationUrl.h */,
				482D70241A5D903A0006315B /* NPRStationUrl.m */,
				06EAC5931B29F3E1000FC33A /* NPRStationUrl+RZImport.h */,
				06EAC5941B29F3E1000FC33A /* NPRStationUrl+RZImport.m */,
				480FA7ED1A650A4E00FC1C52 /* NPRProgram.h */,
				480FA7EE1A650A4E00FC1C52 /* NPRProgram.m */,
				06EAC5961B29F51B000FC33A /* NPRProgram+RZImport.h */,
				06EAC5971B29F51B000FC33A /* NPRProgram+RZImport.m */,
			);
			name = Models;
			sourceTree = "<group>";
		};
		48E504AD1A5CB078005856D8 /* Home */ = {
			isa = PBXGroup;
			children = (
				483C2D711A5C79FB007B9995 /* NPRHomeViewController.h */,
				483C2D721A5C79FB007B9995 /* NPRHomeViewController.m */,
				483C2D771A5C7A1E007B9995 /* NPRHomeViewController.xib */,
				06EAC5851B29413E000FC33A /* NPRStationCollectionViewCell.h */,
				06EAC5861B29413E000FC33A /* NPRStationCollectionViewCell.m */,
				06EAC5871B29413E000FC33A /* NPRStationCollectionViewCell.xib */,
			);
			name = Home;
			sourceTree = "<group>";
		};
		48E504AE1A5CB088005856D8 /* Base */ = {
			isa = PBXGroup;
			children = (
				48E504A71A5CAD3F005856D8 /* NPRBaseViewController.h */,
				48E504A81A5CAD3F005856D8 /* NPRBaseViewController.m */,
				480FA7FD1A678B5D00FC1C52 /* NPRBaseNavigationController.h */,
				480FA7FE1A678B5D00FC1C52 /* NPRBaseNavigationController.m */,
			);
			name = Base;
			sourceTree = "<group>";
		};
/* End PBXGroup section */

/* Begin PBXNativeTarget section */
		483C2D3F1A5C72FA007B9995 /* NPRFinder */ = {
			isa = PBXNativeTarget;
			buildConfigurationList = 483C2D631A5C72FB007B9995 /* Build configuration list for PBXNativeTarget "NPRFinder" */;
			buildPhases = (
				47D14CC6C1CB110BB6BE5AB8 /* Check Pods Manifest.lock */,
				483C2D3C1A5C72FA007B9995 /* Sources */,
				483C2D3D1A5C72FA007B9995 /* Frameworks */,
				483C2D3E1A5C72FA007B9995 /* Resources */,
				1B361E8A049F54BE95605C64 /* Copy Pods Resources */,
				48B348901A6C729E000A5FE0 /* ShellScript */,
			);
			buildRules = (
			);
			dependencies = (
			);
			name = NPRFinder;
			productName = NPRFinder;
			productReference = 483C2D401A5C72FA007B9995 /* Discover.app */;
			productType = "com.apple.product-type.application";
		};
		483C2D581A5C72FB007B9995 /* NPRFinderTests */ = {
			isa = PBXNativeTarget;
			buildConfigurationList = 483C2D661A5C72FB007B9995 /* Build configuration list for PBXNativeTarget "NPRFinderTests" */;
			buildPhases = (
				483C2D551A5C72FB007B9995 /* Sources */,
				483C2D561A5C72FB007B9995 /* Frameworks */,
				483C2D571A5C72FB007B9995 /* Resources */,
			);
			buildRules = (
			);
			dependencies = (
				483C2D5B1A5C72FB007B9995 /* PBXTargetDependency */,
			);
			name = NPRFinderTests;
			productName = NPRFinderTests;
			productReference = 483C2D591A5C72FB007B9995 /* NPRFinderTests.xctest */;
			productType = "com.apple.product-type.bundle.unit-test";
		};
/* End PBXNativeTarget section */

/* Begin PBXProject section */
		483C2D381A5C72FA007B9995 /* Project object */ = {
			isa = PBXProject;
			attributes = {
				LastUpgradeCheck = 0610;
				ORGANIZATIONNAME = "Bradley Smith";
				TargetAttributes = {
					483C2D3F1A5C72FA007B9995 = {
						CreatedOnToolsVersion = 6.1.1;
						DevelopmentTeam = Q9WZ7ZSJK2;
						SystemCapabilities = {
							com.apple.BackgroundModes = {
								enabled = 1;
							};
						};
					};
					483C2D581A5C72FB007B9995 = {
						CreatedOnToolsVersion = 6.1.1;
						TestTargetID = 483C2D3F1A5C72FA007B9995;
					};
				};
			};
			buildConfigurationList = 483C2D3B1A5C72FA007B9995 /* Build configuration list for PBXProject "NPRFinder" */;
			compatibilityVersion = "Xcode 3.2";
			developmentRegion = English;
			hasScannedForEncodings = 0;
			knownRegions = (
				en,
				Base,
			);
			mainGroup = 483C2D371A5C72FA007B9995;
			productRefGroup = 483C2D411A5C72FA007B9995 /* Products */;
			projectDirPath = "";
			projectRoot = "";
			targets = (
				483C2D3F1A5C72FA007B9995 /* NPRFinder */,
				483C2D581A5C72FB007B9995 /* NPRFinderTests */,
			);
		};
/* End PBXProject section */

/* Begin PBXResourcesBuildPhase section */
		483C2D3E1A5C72FA007B9995 /* Resources */ = {
			isa = PBXResourcesBuildPhase;
			buildActionMask = 2147483647;
			files = (
				06CBF3291B2B7FDB005F6210 /* GothamRounded-Medium.otf in Resources */,
				06CBF3261B2B7FD1005F6210 /* GothamRounded-BoldItalic.otf in Resources */,
				06CBF3231B2B7F44005F6210 /* GothamRounded-Book.otf in Resources */,
				06EAC5B71B2A2037000FC33A /* NPRPermissionViewController.xib in Resources */,
				482D705D1A60547D0006315B /* NPRStationViewController.xib in Resources */,
				483C2D541A5C72FA007B9995 /* LaunchScreen.xib in Resources */,
				482D70501A5F4B620006315B /* NPRSplashViewController.xib in Resources */,
				483C2D511A5C72FA007B9995 /* Images.xcassets in Resources */,
				06CBF3271B2B7FD4005F6210 /* GothamRounded-Light.otf in Resources */,
				06CBF3241B2B7FCB005F6210 /* GothamRounded-BookItalic.otf in Resources */,
				06CBF32A1B2B7FDF005F6210 /* GothamRounded-MediumItalic.otf in Resources */,
				482D703A1A5E43F20006315B /* NPRSearchViewController.xib in Resources */,
				06CBF3281B2B7FD8005F6210 /* GothamRounded-LightItalic.otf in Resources */,
				06CBF3251B2B7FCE005F6210 /* GothamRounded-Bold.otf in Resources */,
				483C2D781A5C7A1E007B9995 /* NPRHomeViewController.xib in Resources */,
				06EAC5891B29413E000FC33A /* NPRStationCollectionViewCell.xib in Resources */,
			);
			runOnlyForDeploymentPostprocessing = 0;
		};
		483C2D571A5C72FB007B9995 /* Resources */ = {
			isa = PBXResourcesBuildPhase;
			buildActionMask = 2147483647;
			files = (
			);
			runOnlyForDeploymentPostprocessing = 0;
		};
/* End PBXResourcesBuildPhase section */

/* Begin PBXShellScriptBuildPhase section */
		1B361E8A049F54BE95605C64 /* Copy Pods Resources */ = {
			isa = PBXShellScriptBuildPhase;
			buildActionMask = 2147483647;
			files = (
			);
			inputPaths = (
			);
			name = "Copy Pods Resources";
			outputPaths = (
			);
			runOnlyForDeploymentPostprocessing = 0;
			shellPath = /bin/sh;
			shellScript = "\"${SRCROOT}/Pods/Target Support Files/Pods/Pods-resources.sh\"\n";
			showEnvVarsInLog = 0;
		};
		47D14CC6C1CB110BB6BE5AB8 /* Check Pods Manifest.lock */ = {
			isa = PBXShellScriptBuildPhase;
			buildActionMask = 2147483647;
			files = (
			);
			inputPaths = (
			);
			name = "Check Pods Manifest.lock";
			outputPaths = (
			);
			runOnlyForDeploymentPostprocessing = 0;
			shellPath = /bin/sh;
			shellScript = "diff \"${PODS_ROOT}/../Podfile.lock\" \"${PODS_ROOT}/Manifest.lock\" > /dev/null\nif [[ $? != 0 ]] ; then\n    cat << EOM\nerror: The sandbox is not in sync with the Podfile.lock. Run 'pod install' or update your CocoaPods installation.\nEOM\n    exit 1\nfi\n";
			showEnvVarsInLog = 0;
		};
		48B348901A6C729E000A5FE0 /* ShellScript */ = {
			isa = PBXShellScriptBuildPhase;
			buildActionMask = 2147483647;
			files = (
			);
			inputPaths = (
			);
			outputPaths = (
			);
			runOnlyForDeploymentPostprocessing = 0;
			shellPath = /bin/sh;
			shellScript = "";
		};
/* End PBXShellScriptBuildPhase section */

/* Begin PBXSourcesBuildPhase section */
		483C2D3C1A5C72FA007B9995 /* Sources */ = {
			isa = PBXSourcesBuildPhase;
			buildActionMask = 2147483647;
			files = (
				06CBF3181B2B59DD005F6210 /* NPRAudioPlayerToolbar.m in Sources */,
				06EAC5B61B2A2037000FC33A /* NPRPermissionViewController.m in Sources */,
				06EAC5AB1B2A1B65000FC33A /* NPRSwitchConstants.m in Sources */,
				48A744EC1A7B5066001B1401 /* NPRNavigationBar.m in Sources */,
				48E504A91A5CAD3F005856D8 /* NPRBaseViewController.m in Sources */,
				06EAC5921B29EFBE000FC33A /* NPRStation+RZImport.m in Sources */,
				480FA7FF1A678B5D00FC1C52 /* NPRBaseNavigationController.m in Sources */,
				48E504B51A5D22F1005856D8 /* NPRErrorManager.m in Sources */,
				06EAC5B11B2A1BB2000FC33A /* NPRPrivateConstants.m in Sources */,
				06EAC5A51B2A1571000FC33A /* UITableViewCell+NPRUtil.m in Sources */,
				06362F421B2A88E700CB30FA /* NPRNetworkConstants.m in Sources */,
				482D704E1A5F4B580006315B /* NPRSplashViewController.m in Sources */,
				483C2D491A5C72FA007B9995 /* NPRAppDelegate.m in Sources */,
				48E504B11A5D1FE9005856D8 /* NPRLocationManager.m in Sources */,
				482D70251A5D903A0006315B /* NPRStationUrl.m in Sources */,
				06EAC58F1B29518B000FC33A /* NPRExpandAnimationController.m in Sources */,
				48E504B91A5D2510005856D8 /* NPRNotificationManager.m in Sources */,
				483C2D461A5C72FA007B9995 /* main.m in Sources */,
				482D70221A5D2FA60006315B /* NPRNetworkManager.m in Sources */,
				06EAC5881B29413E000FC33A /* NPRStationCollectionViewCell.m in Sources */,
				06EAC58C1B2943CC000FC33A /* UICollectionReusableView+NPRUtil.m in Sources */,
				06EAC5AE1B2A1B9D000FC33A /* NPRErrorConstants.m in Sources */,
				06EAC59E1B2A0E39000FC33A /* UIColor+NPRStyle.m in Sources */,
				06EAC5A81B2A15D0000FC33A /* NSString+NPRUtil.m in Sources */,
				480088491A6F2C44004AB56C /* NPRSlideAnimationController.m in Sources */,
				482D70381A5E43E40006315B /* NPRSearchViewController.m in Sources */,
				482D705C1A60547D0006315B /* NPRStationViewController.m in Sources */,
				483C2D731A5C79FB007B9995 /* NPRHomeViewController.m in Sources */,
				48E504A61A5CAC52005856D8 /* NPRStation.m in Sources */,
				482D70341A5E17270006315B /* UIImage+ImageEffects.m in Sources */,
				06EAC5A21B2A106C000FC33A /* UIScreen+NPRUtil.m in Sources */,
				4837D67A1A7EF972009F2A0F /* NPRAudioManager.m in Sources */,
				06EAC5981B29F51B000FC33A /* NPRProgram+RZImport.m in Sources */,
				480FA7EF1A650A4E00FC1C52 /* NPRProgram.m in Sources */,
				06EAC59B1B2A0DF7000FC33A /* UIFont+NPRStyle.m in Sources */,
				06EAC5951B29F3E1000FC33A /* NPRStationUrl+RZImport.m in Sources */,
				06CBF3121B2B27B3005F6210 /* UIImage+NPRStyle.m in Sources */,
				480FA8031A678F0300FC1C52 /* NPRTransitionController.m in Sources */,
			);
			runOnlyForDeploymentPostprocessing = 0;
		};
		483C2D551A5C72FB007B9995 /* Sources */ = {
			isa = PBXSourcesBuildPhase;
			buildActionMask = 2147483647;
			files = (
				483C2D601A5C72FB007B9995 /* NPRFinderTests.m in Sources */,
			);
			runOnlyForDeploymentPostprocessing = 0;
		};
/* End PBXSourcesBuildPhase section */

/* Begin PBXTargetDependency section */
		483C2D5B1A5C72FB007B9995 /* PBXTargetDependency */ = {
			isa = PBXTargetDependency;
			target = 483C2D3F1A5C72FA007B9995 /* NPRFinder */;
			targetProxy = 483C2D5A1A5C72FB007B9995 /* PBXContainerItemProxy */;
		};
/* End PBXTargetDependency section */

/* Begin PBXVariantGroup section */
		483C2D521A5C72FA007B9995 /* LaunchScreen.xib */ = {
			isa = PBXVariantGroup;
			children = (
				483C2D531A5C72FA007B9995 /* Base */,
			);
			name = LaunchScreen.xib;
			sourceTree = "<group>";
		};
/* End PBXVariantGroup section */

/* Begin XCBuildConfiguration section */
		483C2D611A5C72FB007B9995 /* Debug */ = {
			isa = XCBuildConfiguration;
			buildSettings = {
				ALWAYS_SEARCH_USER_PATHS = NO;
				CLANG_CXX_LANGUAGE_STANDARD = "gnu++0x";
				CLANG_CXX_LIBRARY = "libc++";
				CLANG_ENABLE_MODULES = YES;
				CLANG_ENABLE_OBJC_ARC = YES;
				CLANG_WARN_BOOL_CONVERSION = YES;
				CLANG_WARN_CONSTANT_CONVERSION = YES;
				CLANG_WARN_DIRECT_OBJC_ISA_USAGE = YES_ERROR;
				CLANG_WARN_EMPTY_BODY = YES;
				CLANG_WARN_ENUM_CONVERSION = YES;
				CLANG_WARN_INT_CONVERSION = YES;
				CLANG_WARN_OBJC_ROOT_CLASS = YES_ERROR;
				CLANG_WARN_UNREACHABLE_CODE = YES;
				CLANG_WARN__DUPLICATE_METHOD_MATCH = YES;
				"CODE_SIGN_IDENTITY[sdk=iphoneos*]" = "iPhone Developer";
				COPY_PHASE_STRIP = NO;
				ENABLE_STRICT_OBJC_MSGSEND = YES;
				GCC_C_LANGUAGE_STANDARD = gnu99;
				GCC_DYNAMIC_NO_PIC = NO;
				GCC_OPTIMIZATION_LEVEL = 0;
				GCC_PRECOMPILE_PREFIX_HEADER = NO;
				GCC_PREFIX_HEADER = "";
				GCC_PREPROCESSOR_DEFINITIONS = (
					"DEBUG=1",
					"$(inherited)",
				);
				GCC_SYMBOLS_PRIVATE_EXTERN = NO;
				GCC_WARN_64_TO_32_BIT_CONVERSION = YES;
				GCC_WARN_ABOUT_RETURN_TYPE = YES_ERROR;
				GCC_WARN_UNDECLARED_SELECTOR = YES;
				GCC_WARN_UNINITIALIZED_AUTOS = YES_AGGRESSIVE;
				GCC_WARN_UNUSED_FUNCTION = YES;
				GCC_WARN_UNUSED_VARIABLE = YES;
				IPHONEOS_DEPLOYMENT_TARGET = 8.0;
				MTL_ENABLE_DEBUG_INFO = YES;
				ONLY_ACTIVE_ARCH = YES;
				SDKROOT = iphoneos;
				TARGETED_DEVICE_FAMILY = "1,2";
			};
			name = Debug;
		};
		483C2D621A5C72FB007B9995 /* Release */ = {
			isa = XCBuildConfiguration;
			buildSettings = {
				ALWAYS_SEARCH_USER_PATHS = NO;
				CLANG_CXX_LANGUAGE_STANDARD = "gnu++0x";
				CLANG_CXX_LIBRARY = "libc++";
				CLANG_ENABLE_MODULES = YES;
				CLANG_ENABLE_OBJC_ARC = YES;
				CLANG_WARN_BOOL_CONVERSION = YES;
				CLANG_WARN_CONSTANT_CONVERSION = YES;
				CLANG_WARN_DIRECT_OBJC_ISA_USAGE = YES_ERROR;
				CLANG_WARN_EMPTY_BODY = YES;
				CLANG_WARN_ENUM_CONVERSION = YES;
				CLANG_WARN_INT_CONVERSION = YES;
				CLANG_WARN_OBJC_ROOT_CLASS = YES_ERROR;
				CLANG_WARN_UNREACHABLE_CODE = YES;
				CLANG_WARN__DUPLICATE_METHOD_MATCH = YES;
				"CODE_SIGN_IDENTITY[sdk=iphoneos*]" = "iPhone Developer";
				COPY_PHASE_STRIP = YES;
				ENABLE_NS_ASSERTIONS = NO;
				ENABLE_STRICT_OBJC_MSGSEND = YES;
				GCC_C_LANGUAGE_STANDARD = gnu99;
				GCC_PRECOMPILE_PREFIX_HEADER = NO;
				GCC_PREFIX_HEADER = "";
				GCC_WARN_64_TO_32_BIT_CONVERSION = YES;
				GCC_WARN_ABOUT_RETURN_TYPE = YES_ERROR;
				GCC_WARN_UNDECLARED_SELECTOR = YES;
				GCC_WARN_UNINITIALIZED_AUTOS = YES_AGGRESSIVE;
				GCC_WARN_UNUSED_FUNCTION = YES;
				GCC_WARN_UNUSED_VARIABLE = YES;
				IPHONEOS_DEPLOYMENT_TARGET = 8.0;
				MTL_ENABLE_DEBUG_INFO = NO;
				SDKROOT = iphoneos;
				TARGETED_DEVICE_FAMILY = "1,2";
				VALIDATE_PRODUCT = YES;
			};
			name = Release;
		};
		483C2D641A5C72FB007B9995 /* Debug */ = {
			isa = XCBuildConfiguration;
			baseConfigurationReference = 33D19D9A881CFE329A7961F8 /* Pods.debug.xcconfig */;
			buildSettings = {
				ASSETCATALOG_COMPILER_APPICON_NAME = AppIcon;
				CODE_SIGN_IDENTITY = "iPhone Developer";
				"CODE_SIGN_IDENTITY[sdk=iphoneos*]" = "iPhone Developer";
				FRAMEWORK_SEARCH_PATHS = (
					"$(inherited)",
					"$(PROJECT_DIR)",
				);
				GCC_PRECOMPILE_PREFIX_HEADER = NO;
				GCC_PREFIX_HEADER = "";
				INFOPLIST_FILE = NPRFinder/Info.plist;
				IPHONEOS_DEPLOYMENT_TARGET = 8.0;
				LD_RUNPATH_SEARCH_PATHS = "$(inherited) @executable_path/Frameworks";
				PRODUCT_NAME = Discover;
				PROVISIONING_PROFILE = "";
			};
			name = Debug;
		};
		483C2D651A5C72FB007B9995 /* Release */ = {
			isa = XCBuildConfiguration;
			baseConfigurationReference = E734911B2C8F14D8A94B2E77 /* Pods.release.xcconfig */;
			buildSettings = {
				ASSETCATALOG_COMPILER_APPICON_NAME = AppIcon;
				CODE_SIGN_IDENTITY = "iPhone Developer";
				"CODE_SIGN_IDENTITY[sdk=iphoneos*]" = "iPhone Developer";
				FRAMEWORK_SEARCH_PATHS = (
					"$(inherited)",
					"$(PROJECT_DIR)",
				);
				GCC_PRECOMPILE_PREFIX_HEADER = NO;
				GCC_PREFIX_HEADER = "";
				INFOPLIST_FILE = NPRFinder/Info.plist;
				IPHONEOS_DEPLOYMENT_TARGET = 8.0;
				LD_RUNPATH_SEARCH_PATHS = "$(inherited) @executable_path/Frameworks";
				PRODUCT_NAME = Discover;
				PROVISIONING_PROFILE = "";
			};
			name = Release;
		};
		483C2D671A5C72FB007B9995 /* Debug */ = {
			isa = XCBuildConfiguration;
			buildSettings = {
				BUNDLE_LOADER = "$(TEST_HOST)";
				FRAMEWORK_SEARCH_PATHS = (
					"$(SDKROOT)/Developer/Library/Frameworks",
					"$(inherited)",
				);
				GCC_PREPROCESSOR_DEFINITIONS = (
					"DEBUG=1",
					"$(inherited)",
				);
				INFOPLIST_FILE = NPRFinderTests/Info.plist;
				LD_RUNPATH_SEARCH_PATHS = "$(inherited) @executable_path/Frameworks @loader_path/Frameworks";
				PRODUCT_NAME = "$(TARGET_NAME)";
				TEST_HOST = "$(BUILT_PRODUCTS_DIR)/Discover.app/Discover";
			};
			name = Debug;
		};
		483C2D681A5C72FB007B9995 /* Release */ = {
			isa = XCBuildConfiguration;
			buildSettings = {
				BUNDLE_LOADER = "$(TEST_HOST)";
				FRAMEWORK_SEARCH_PATHS = (
					"$(SDKROOT)/Developer/Library/Frameworks",
					"$(inherited)",
				);
				INFOPLIST_FILE = NPRFinderTests/Info.plist;
				LD_RUNPATH_SEARCH_PATHS = "$(inherited) @executable_path/Frameworks @loader_path/Frameworks";
				PRODUCT_NAME = "$(TARGET_NAME)";
				TEST_HOST = "$(BUILT_PRODUCTS_DIR)/Discover.app/Discover";
			};
			name = Release;
		};
/* End XCBuildConfiguration section */

/* Begin XCConfigurationList section */
		483C2D3B1A5C72FA007B9995 /* Build configuration list for PBXProject "NPRFinder" */ = {
			isa = XCConfigurationList;
			buildConfigurations = (
				483C2D611A5C72FB007B9995 /* Debug */,
				483C2D621A5C72FB007B9995 /* Release */,
			);
			defaultConfigurationIsVisible = 0;
			defaultConfigurationName = Release;
		};
		483C2D631A5C72FB007B9995 /* Build configuration list for PBXNativeTarget "NPRFinder" */ = {
			isa = XCConfigurationList;
			buildConfigurations = (
				483C2D641A5C72FB007B9995 /* Debug */,
				483C2D651A5C72FB007B9995 /* Release */,
			);
			defaultConfigurationIsVisible = 0;
			defaultConfigurationName = Release;
		};
		483C2D661A5C72FB007B9995 /* Build configuration list for PBXNativeTarget "NPRFinderTests" */ = {
			isa = XCConfigurationList;
			buildConfigurations = (
				483C2D671A5C72FB007B9995 /* Debug */,
				483C2D681A5C72FB007B9995 /* Release */,
			);
			defaultConfigurationIsVisible = 0;
			defaultConfigurationName = Release;
		};
/* End XCConfigurationList section */
	};
	rootObject = 483C2D381A5C72FA007B9995 /* Project object */;
}
