// !$*UTF8*$!
{
	archiveVersion = 1;
	classes = {
	};
	objectVersion = 46;
	objects = {

/* Begin PBXBuildFile section */
		23E5A6989EE922B4A7866FF6 /* libPods.a in Frameworks */ = {isa = PBXBuildFile; fileRef = 265456F037BDBA03C95999CA /* libPods.a */; };
		4800883C1A6F1162004AB56C /* StationDetailsTableViewCell.m in Sources */ = {isa = PBXBuildFile; fileRef = 4800883B1A6F1162004AB56C /* StationDetailsTableViewCell.m */; };
		4800883E1A6F1282004AB56C /* StationDetailsTableViewCell.xib in Resources */ = {isa = PBXBuildFile; fileRef = 4800883D1A6F1282004AB56C /* StationDetailsTableViewCell.xib */; };
		480088441A6F203D004AB56C /* ProgramsViewController.m in Sources */ = {isa = PBXBuildFile; fileRef = 480088421A6F203D004AB56C /* ProgramsViewController.m */; };
		480088451A6F203D004AB56C /* ProgramsViewController.xib in Resources */ = {isa = PBXBuildFile; fileRef = 480088431A6F203D004AB56C /* ProgramsViewController.xib */; };
		480088491A6F2C44004AB56C /* SlideAnimationController.m in Sources */ = {isa = PBXBuildFile; fileRef = 480088481A6F2C44004AB56C /* SlideAnimationController.m */; };
		480FA7EF1A650A4E00FC1C52 /* Program.m in Sources */ = {isa = PBXBuildFile; fileRef = 480FA7EE1A650A4E00FC1C52 /* Program.m */; };
		480FA7F21A650D5100FC1C52 /* ProgramTableViewCell.m in Sources */ = {isa = PBXBuildFile; fileRef = 480FA7F11A650D5100FC1C52 /* ProgramTableViewCell.m */; };
		480FA7F41A650D6500FC1C52 /* ProgramTableViewCell.xib in Resources */ = {isa = PBXBuildFile; fileRef = 480FA7F31A650D6500FC1C52 /* ProgramTableViewCell.xib */; };
		480FA7FC1A6748FB00FC1C52 /* UIView+NPRConstraints.m in Sources */ = {isa = PBXBuildFile; fileRef = 480FA7FB1A6748FB00FC1C52 /* UIView+NPRConstraints.m */; };
		480FA7FF1A678B5D00FC1C52 /* BaseNavigationController.m in Sources */ = {isa = PBXBuildFile; fileRef = 480FA7FE1A678B5D00FC1C52 /* BaseNavigationController.m */; };
		480FA8031A678F0300FC1C52 /* TransitionController.m in Sources */ = {isa = PBXBuildFile; fileRef = 480FA8021A678F0300FC1C52 /* TransitionController.m */; };
		482D701F1A5D2EEC0006315B /* UIScreen+NPRFinder.m in Sources */ = {isa = PBXBuildFile; fileRef = 482D701E1A5D2EEC0006315B /* UIScreen+NPRFinder.m */; };
		482D70221A5D2FA60006315B /* NetworkManager.m in Sources */ = {isa = PBXBuildFile; fileRef = 482D70211A5D2FA60006315B /* NetworkManager.m */; };
		482D70251A5D903A0006315B /* StationUrl.m in Sources */ = {isa = PBXBuildFile; fileRef = 482D70241A5D903A0006315B /* StationUrl.m */; };
		482D70281A5D99A90006315B /* UILabel+NPRFinder.m in Sources */ = {isa = PBXBuildFile; fileRef = 482D70271A5D99A90006315B /* UILabel+NPRFinder.m */; };
		482D702B1A5D9AB70006315B /* UIButton+NPRFinder.m in Sources */ = {isa = PBXBuildFile; fileRef = 482D702A1A5D9AB70006315B /* UIButton+NPRFinder.m */; };
		482D702E1A5DCC660006315B /* NSString+NPRFinder.m in Sources */ = {isa = PBXBuildFile; fileRef = 482D702D1A5DCC660006315B /* NSString+NPRFinder.m */; };
		482D70311A5DE0230006315B /* UIColor+NPRFinder.m in Sources */ = {isa = PBXBuildFile; fileRef = 482D70301A5DE0230006315B /* UIColor+NPRFinder.m */; };
		482D70341A5E17270006315B /* UIImage+ImageEffects.m in Sources */ = {isa = PBXBuildFile; fileRef = 482D70331A5E17270006315B /* UIImage+ImageEffects.m */; };
		482D70381A5E43E40006315B /* SearchViewController.m in Sources */ = {isa = PBXBuildFile; fileRef = 482D70371A5E43E40006315B /* SearchViewController.m */; };
		482D703A1A5E43F20006315B /* SearchViewController.xib in Resources */ = {isa = PBXBuildFile; fileRef = 482D70391A5E43F20006315B /* SearchViewController.xib */; };
		482D703D1A5E4F5D0006315B /* FadeAnimationController.m in Sources */ = {isa = PBXBuildFile; fileRef = 482D703C1A5E4F5D0006315B /* FadeAnimationController.m */; };
		482D70411A5F0F8A0006315B /* UITextField+NPRFinder.m in Sources */ = {isa = PBXBuildFile; fileRef = 482D70401A5F0F8A0006315B /* UITextField+NPRFinder.m */; };
		482D70441A5F247F0006315B /* UITableView+NPRFinder.m in Sources */ = {isa = PBXBuildFile; fileRef = 482D70431A5F247F0006315B /* UITableView+NPRFinder.m */; };
		482D704A1A5F34BF0006315B /* UIView+NPRFinder.m in Sources */ = {isa = PBXBuildFile; fileRef = 482D70491A5F34BF0006315B /* UIView+NPRFinder.m */; };
		482D704E1A5F4B580006315B /* SplashViewController.m in Sources */ = {isa = PBXBuildFile; fileRef = 482D704D1A5F4B580006315B /* SplashViewController.m */; };
		482D70501A5F4B620006315B /* SplashViewController.xib in Resources */ = {isa = PBXBuildFile; fileRef = 482D704F1A5F4B620006315B /* SplashViewController.xib */; };
		482D705C1A60547D0006315B /* StationViewController.m in Sources */ = {isa = PBXBuildFile; fileRef = 482D705A1A60547D0006315B /* StationViewController.m */; };
		482D705D1A60547D0006315B /* StationViewController.xib in Resources */ = {isa = PBXBuildFile; fileRef = 482D705B1A60547D0006315B /* StationViewController.xib */; };
		482D70611A605A420006315B /* DetailAnimationController.m in Sources */ = {isa = PBXBuildFile; fileRef = 482D70601A605A420006315B /* DetailAnimationController.m */; };
		482D70711A6260390006315B /* TaglineTableViewCell.m in Sources */ = {isa = PBXBuildFile; fileRef = 482D706F1A6260390006315B /* TaglineTableViewCell.m */; };
		482D70721A6260390006315B /* TaglineTableViewCell.xib in Resources */ = {isa = PBXBuildFile; fileRef = 482D70701A6260390006315B /* TaglineTableViewCell.xib */; };
		482D70761A62681D0006315B /* StationUrlTableViewCell.m in Sources */ = {isa = PBXBuildFile; fileRef = 482D70741A62681D0006315B /* StationUrlTableViewCell.m */; };
		482D70771A62681D0006315B /* StationUrlTableViewCell.xib in Resources */ = {isa = PBXBuildFile; fileRef = 482D70751A62681D0006315B /* StationUrlTableViewCell.xib */; };
		4837D6761A7EEDE5009F2A0F /* AudioTableViewCell.m in Sources */ = {isa = PBXBuildFile; fileRef = 4837D6741A7EEDE5009F2A0F /* AudioTableViewCell.m */; };
		4837D6771A7EEDE5009F2A0F /* AudioTableViewCell.xib in Resources */ = {isa = PBXBuildFile; fileRef = 4837D6751A7EEDE5009F2A0F /* AudioTableViewCell.xib */; };
		4837D67A1A7EF972009F2A0F /* AudioManager.m in Sources */ = {isa = PBXBuildFile; fileRef = 4837D6791A7EF972009F2A0F /* AudioManager.m */; };
		4837D67D1A7FE55E009F2A0F /* DetailInteractionController.m in Sources */ = {isa = PBXBuildFile; fileRef = 4837D67C1A7FE55E009F2A0F /* DetailInteractionController.m */; };
		483C2D461A5C72FA007B9995 /* main.m in Sources */ = {isa = PBXBuildFile; fileRef = 483C2D451A5C72FA007B9995 /* main.m */; };
		483C2D491A5C72FA007B9995 /* AppDelegate.m in Sources */ = {isa = PBXBuildFile; fileRef = 483C2D481A5C72FA007B9995 /* AppDelegate.m */; };
		483C2D511A5C72FA007B9995 /* Images.xcassets in Resources */ = {isa = PBXBuildFile; fileRef = 483C2D501A5C72FA007B9995 /* Images.xcassets */; };
		483C2D541A5C72FA007B9995 /* LaunchScreen.xib in Resources */ = {isa = PBXBuildFile; fileRef = 483C2D521A5C72FA007B9995 /* LaunchScreen.xib */; };
		483C2D601A5C72FB007B9995 /* NPRFinderTests.m in Sources */ = {isa = PBXBuildFile; fileRef = 483C2D5F1A5C72FB007B9995 /* NPRFinderTests.m */; };
		483C2D731A5C79FB007B9995 /* HomeViewController.m in Sources */ = {isa = PBXBuildFile; fileRef = 483C2D721A5C79FB007B9995 /* HomeViewController.m */; };
		483C2D781A5C7A1E007B9995 /* HomeViewController.xib in Resources */ = {isa = PBXBuildFile; fileRef = 483C2D771A5C7A1E007B9995 /* HomeViewController.xib */; };
		483C2D7D1A5C7CFA007B9995 /* UIImage+NPRFinder.m in Sources */ = {isa = PBXBuildFile; fileRef = 483C2D7C1A5C7CFA007B9995 /* UIImage+NPRFinder.m */; };
		488809121A76B473001C537D /* SwitchConstants.m in Sources */ = {isa = PBXBuildFile; fileRef = 488809111A76B473001C537D /* SwitchConstants.m */; };
		488809141A76B4E7001C537D /* PrivateConstants.m in Sources */ = {isa = PBXBuildFile; fileRef = 488809131A76B4E7001C537D /* PrivateConstants.m */; };
		488809161A76B5BA001C537D /* ErrorConstants.m in Sources */ = {isa = PBXBuildFile; fileRef = 488809151A76B5BA001C537D /* ErrorConstants.m */; };
		488809201A794528001C537D /* UINavigationItem+NPRFinder.m in Sources */ = {isa = PBXBuildFile; fileRef = 4888091F1A794528001C537D /* UINavigationItem+NPRFinder.m */; };
		48A744EC1A7B5066001B1401 /* NPRNavigationBar.m in Sources */ = {isa = PBXBuildFile; fileRef = 48A744EB1A7B5066001B1401 /* NPRNavigationBar.m */; };
		48B348921A6C72DB000A5FE0 /* Crashlytics.framework in Frameworks */ = {isa = PBXBuildFile; fileRef = 48B348911A6C72DB000A5FE0 /* Crashlytics.framework */; };
		48B348951A6C74DE000A5FE0 /* CrashlyticsLogger.m in Sources */ = {isa = PBXBuildFile; fileRef = 48B348941A6C74DE000A5FE0 /* CrashlyticsLogger.m */; };
		48E5049B1A5CA06D005856D8 /* UIFont+NPRFinder.m in Sources */ = {isa = PBXBuildFile; fileRef = 48E5049A1A5CA06D005856D8 /* UIFont+NPRFinder.m */; };
		48E5049E1A5CAB47005856D8 /* UITableViewCell+NPRFinder.m in Sources */ = {isa = PBXBuildFile; fileRef = 48E5049D1A5CAB47005856D8 /* UITableViewCell+NPRFinder.m */; };
		48E504A11A5CABB5005856D8 /* StationTableViewCell.m in Sources */ = {isa = PBXBuildFile; fileRef = 48E504A01A5CABB5005856D8 /* StationTableViewCell.m */; };
		48E504A31A5CABC1005856D8 /* StationTableViewCell.xib in Resources */ = {isa = PBXBuildFile; fileRef = 48E504A21A5CABC1005856D8 /* StationTableViewCell.xib */; };
		48E504A61A5CAC52005856D8 /* Station.m in Sources */ = {isa = PBXBuildFile; fileRef = 48E504A51A5CAC52005856D8 /* Station.m */; };
		48E504A91A5CAD3F005856D8 /* BaseViewController.m in Sources */ = {isa = PBXBuildFile; fileRef = 48E504A81A5CAD3F005856D8 /* BaseViewController.m */; };
		48E504B11A5D1FE9005856D8 /* LocationManager.m in Sources */ = {isa = PBXBuildFile; fileRef = 48E504B01A5D1FE9005856D8 /* LocationManager.m */; };
		48E504B51A5D22F1005856D8 /* ErrorManager.m in Sources */ = {isa = PBXBuildFile; fileRef = 48E504B41A5D22F1005856D8 /* ErrorManager.m */; };
		48E504B91A5D2510005856D8 /* NotificationManager.m in Sources */ = {isa = PBXBuildFile; fileRef = 48E504B81A5D2510005856D8 /* NotificationManager.m */; };
/* End PBXBuildFile section */

/* Begin PBXContainerItemProxy section */
		483C2D5A1A5C72FB007B9995 /* PBXContainerItemProxy */ = {
			isa = PBXContainerItemProxy;
			containerPortal = 483C2D381A5C72FA007B9995 /* Project object */;
			proxyType = 1;
			remoteGlobalIDString = 483C2D3F1A5C72FA007B9995;
			remoteInfo = NPRFinder;
		};
/* End PBXContainerItemProxy section */

/* Begin PBXFileReference section */
		265456F037BDBA03C95999CA /* libPods.a */ = {isa = PBXFileReference; explicitFileType = archive.ar; includeInIndex = 0; path = libPods.a; sourceTree = BUILT_PRODUCTS_DIR; };
		33D19D9A881CFE329A7961F8 /* Pods.debug.xcconfig */ = {isa = PBXFileReference; includeInIndex = 1; lastKnownFileType = text.xcconfig; name = Pods.debug.xcconfig; path = "Pods/Target Support Files/Pods/Pods.debug.xcconfig"; sourceTree = "<group>"; };
		4800883A1A6F1162004AB56C /* StationDetailsTableViewCell.h */ = {isa = PBXFileReference; fileEncoding = 4; lastKnownFileType = sourcecode.c.h; path = StationDetailsTableViewCell.h; sourceTree = "<group>"; };
		4800883B1A6F1162004AB56C /* StationDetailsTableViewCell.m */ = {isa = PBXFileReference; fileEncoding = 4; lastKnownFileType = sourcecode.c.objc; path = StationDetailsTableViewCell.m; sourceTree = "<group>"; };
		4800883D1A6F1282004AB56C /* StationDetailsTableViewCell.xib */ = {isa = PBXFileReference; fileEncoding = 4; lastKnownFileType = file.xib; path = StationDetailsTableViewCell.xib; sourceTree = "<group>"; };
		480088411A6F203D004AB56C /* ProgramsViewController.h */ = {isa = PBXFileReference; fileEncoding = 4; lastKnownFileType = sourcecode.c.h; path = ProgramsViewController.h; sourceTree = "<group>"; };
		480088421A6F203D004AB56C /* ProgramsViewController.m */ = {isa = PBXFileReference; fileEncoding = 4; lastKnownFileType = sourcecode.c.objc; path = ProgramsViewController.m; sourceTree = "<group>"; };
		480088431A6F203D004AB56C /* ProgramsViewController.xib */ = {isa = PBXFileReference; fileEncoding = 4; lastKnownFileType = file.xib; path = ProgramsViewController.xib; sourceTree = "<group>"; };
		480088471A6F2C44004AB56C /* SlideAnimationController.h */ = {isa = PBXFileReference; fileEncoding = 4; lastKnownFileType = sourcecode.c.h; path = SlideAnimationController.h; sourceTree = "<group>"; };
		480088481A6F2C44004AB56C /* SlideAnimationController.m */ = {isa = PBXFileReference; fileEncoding = 4; lastKnownFileType = sourcecode.c.objc; path = SlideAnimationController.m; sourceTree = "<group>"; };
		480FA7EC1A649FBD00FC1C52 /* PrivateConstants.h */ = {isa = PBXFileReference; lastKnownFileType = sourcecode.c.h; path = PrivateConstants.h; sourceTree = "<group>"; };
		480FA7ED1A650A4E00FC1C52 /* Program.h */ = {isa = PBXFileReference; fileEncoding = 4; lastKnownFileType = sourcecode.c.h; path = Program.h; sourceTree = "<group>"; };
		480FA7EE1A650A4E00FC1C52 /* Program.m */ = {isa = PBXFileReference; fileEncoding = 4; lastKnownFileType = sourcecode.c.objc; path = Program.m; sourceTree = "<group>"; };
		480FA7F01A650D5100FC1C52 /* ProgramTableViewCell.h */ = {isa = PBXFileReference; fileEncoding = 4; lastKnownFileType = sourcecode.c.h; path = ProgramTableViewCell.h; sourceTree = "<group>"; };
		480FA7F11A650D5100FC1C52 /* ProgramTableViewCell.m */ = {isa = PBXFileReference; fileEncoding = 4; lastKnownFileType = sourcecode.c.objc; path = ProgramTableViewCell.m; sourceTree = "<group>"; };
		480FA7F31A650D6500FC1C52 /* ProgramTableViewCell.xib */ = {isa = PBXFileReference; fileEncoding = 4; lastKnownFileType = file.xib; path = ProgramTableViewCell.xib; sourceTree = "<group>"; };
		480FA7FA1A6748FB00FC1C52 /* UIView+NPRConstraints.h */ = {isa = PBXFileReference; fileEncoding = 4; lastKnownFileType = sourcecode.c.h; path = "UIView+NPRConstraints.h"; sourceTree = "<group>"; };
		480FA7FB1A6748FB00FC1C52 /* UIView+NPRConstraints.m */ = {isa = PBXFileReference; fileEncoding = 4; lastKnownFileType = sourcecode.c.objc; path = "UIView+NPRConstraints.m"; sourceTree = "<group>"; };
		480FA7FD1A678B5D00FC1C52 /* BaseNavigationController.h */ = {isa = PBXFileReference; fileEncoding = 4; lastKnownFileType = sourcecode.c.h; path = BaseNavigationController.h; sourceTree = "<group>"; };
		480FA7FE1A678B5D00FC1C52 /* BaseNavigationController.m */ = {isa = PBXFileReference; fileEncoding = 4; lastKnownFileType = sourcecode.c.objc; path = BaseNavigationController.m; sourceTree = "<group>"; };
		480FA8011A678F0300FC1C52 /* TransitionController.h */ = {isa = PBXFileReference; fileEncoding = 4; lastKnownFileType = sourcecode.c.h; path = TransitionController.h; sourceTree = "<group>"; };
		480FA8021A678F0300FC1C52 /* TransitionController.m */ = {isa = PBXFileReference; fileEncoding = 4; lastKnownFileType = sourcecode.c.objc; path = TransitionController.m; sourceTree = "<group>"; };
		482D701D1A5D2EEC0006315B /* UIScreen+NPRFinder.h */ = {isa = PBXFileReference; fileEncoding = 4; lastKnownFileType = sourcecode.c.h; path = "UIScreen+NPRFinder.h"; sourceTree = "<group>"; };
		482D701E1A5D2EEC0006315B /* UIScreen+NPRFinder.m */ = {isa = PBXFileReference; fileEncoding = 4; lastKnownFileType = sourcecode.c.objc; path = "UIScreen+NPRFinder.m"; sourceTree = "<group>"; };
		482D70201A5D2FA60006315B /* NetworkManager.h */ = {isa = PBXFileReference; fileEncoding = 4; lastKnownFileType = sourcecode.c.h; path = NetworkManager.h; sourceTree = "<group>"; };
		482D70211A5D2FA60006315B /* NetworkManager.m */ = {isa = PBXFileReference; fileEncoding = 4; lastKnownFileType = sourcecode.c.objc; path = NetworkManager.m; sourceTree = "<group>"; };
		482D70231A5D903A0006315B /* StationUrl.h */ = {isa = PBXFileReference; fileEncoding = 4; lastKnownFileType = sourcecode.c.h; path = StationUrl.h; sourceTree = "<group>"; };
		482D70241A5D903A0006315B /* StationUrl.m */ = {isa = PBXFileReference; fileEncoding = 4; lastKnownFileType = sourcecode.c.objc; path = StationUrl.m; sourceTree = "<group>"; };
		482D70261A5D99A90006315B /* UILabel+NPRFinder.h */ = {isa = PBXFileReference; fileEncoding = 4; lastKnownFileType = sourcecode.c.h; path = "UILabel+NPRFinder.h"; sourceTree = "<group>"; };
		482D70271A5D99A90006315B /* UILabel+NPRFinder.m */ = {isa = PBXFileReference; fileEncoding = 4; lastKnownFileType = sourcecode.c.objc; path = "UILabel+NPRFinder.m"; sourceTree = "<group>"; };
		482D70291A5D9AB70006315B /* UIButton+NPRFinder.h */ = {isa = PBXFileReference; fileEncoding = 4; lastKnownFileType = sourcecode.c.h; path = "UIButton+NPRFinder.h"; sourceTree = "<group>"; };
		482D702A1A5D9AB70006315B /* UIButton+NPRFinder.m */ = {isa = PBXFileReference; fileEncoding = 4; lastKnownFileType = sourcecode.c.objc; path = "UIButton+NPRFinder.m"; sourceTree = "<group>"; };
		482D702C1A5DCC660006315B /* NSString+NPRFinder.h */ = {isa = PBXFileReference; fileEncoding = 4; lastKnownFileType = sourcecode.c.h; path = "NSString+NPRFinder.h"; sourceTree = "<group>"; };
		482D702D1A5DCC660006315B /* NSString+NPRFinder.m */ = {isa = PBXFileReference; fileEncoding = 4; lastKnownFileType = sourcecode.c.objc; path = "NSString+NPRFinder.m"; sourceTree = "<group>"; };
		482D702F1A5DE0230006315B /* UIColor+NPRFinder.h */ = {isa = PBXFileReference; fileEncoding = 4; lastKnownFileType = sourcecode.c.h; path = "UIColor+NPRFinder.h"; sourceTree = "<group>"; };
		482D70301A5DE0230006315B /* UIColor+NPRFinder.m */ = {isa = PBXFileReference; fileEncoding = 4; lastKnownFileType = sourcecode.c.objc; path = "UIColor+NPRFinder.m"; sourceTree = "<group>"; };
		482D70321A5E17270006315B /* UIImage+ImageEffects.h */ = {isa = PBXFileReference; fileEncoding = 4; lastKnownFileType = sourcecode.c.h; path = "UIImage+ImageEffects.h"; sourceTree = "<group>"; };
		482D70331A5E17270006315B /* UIImage+ImageEffects.m */ = {isa = PBXFileReference; fileEncoding = 4; lastKnownFileType = sourcecode.c.objc; path = "UIImage+ImageEffects.m"; sourceTree = "<group>"; };
		482D70361A5E43E40006315B /* SearchViewController.h */ = {isa = PBXFileReference; fileEncoding = 4; lastKnownFileType = sourcecode.c.h; path = SearchViewController.h; sourceTree = "<group>"; };
		482D70371A5E43E40006315B /* SearchViewController.m */ = {isa = PBXFileReference; fileEncoding = 4; lastKnownFileType = sourcecode.c.objc; path = SearchViewController.m; sourceTree = "<group>"; };
		482D70391A5E43F20006315B /* SearchViewController.xib */ = {isa = PBXFileReference; fileEncoding = 4; lastKnownFileType = file.xib; path = SearchViewController.xib; sourceTree = "<group>"; };
		482D703B1A5E4F5D0006315B /* FadeAnimationController.h */ = {isa = PBXFileReference; fileEncoding = 4; lastKnownFileType = sourcecode.c.h; path = FadeAnimationController.h; sourceTree = "<group>"; };
		482D703C1A5E4F5D0006315B /* FadeAnimationController.m */ = {isa = PBXFileReference; fileEncoding = 4; lastKnownFileType = sourcecode.c.objc; path = FadeAnimationController.m; sourceTree = "<group>"; };
		482D703F1A5F0F8A0006315B /* UITextField+NPRFinder.h */ = {isa = PBXFileReference; fileEncoding = 4; lastKnownFileType = sourcecode.c.h; path = "UITextField+NPRFinder.h"; sourceTree = "<group>"; };
		482D70401A5F0F8A0006315B /* UITextField+NPRFinder.m */ = {isa = PBXFileReference; fileEncoding = 4; lastKnownFileType = sourcecode.c.objc; path = "UITextField+NPRFinder.m"; sourceTree = "<group>"; };
		482D70421A5F247F0006315B /* UITableView+NPRFinder.h */ = {isa = PBXFileReference; fileEncoding = 4; lastKnownFileType = sourcecode.c.h; path = "UITableView+NPRFinder.h"; sourceTree = "<group>"; };
		482D70431A5F247F0006315B /* UITableView+NPRFinder.m */ = {isa = PBXFileReference; fileEncoding = 4; lastKnownFileType = sourcecode.c.objc; path = "UITableView+NPRFinder.m"; sourceTree = "<group>"; };
		482D70481A5F34BF0006315B /* UIView+NPRFinder.h */ = {isa = PBXFileReference; fileEncoding = 4; lastKnownFileType = sourcecode.c.h; path = "UIView+NPRFinder.h"; sourceTree = "<group>"; };
		482D70491A5F34BF0006315B /* UIView+NPRFinder.m */ = {isa = PBXFileReference; fileEncoding = 4; lastKnownFileType = sourcecode.c.objc; path = "UIView+NPRFinder.m"; sourceTree = "<group>"; };
		482D704C1A5F4B580006315B /* SplashViewController.h */ = {isa = PBXFileReference; fileEncoding = 4; lastKnownFileType = sourcecode.c.h; path = SplashViewController.h; sourceTree = "<group>"; };
		482D704D1A5F4B580006315B /* SplashViewController.m */ = {isa = PBXFileReference; fileEncoding = 4; lastKnownFileType = sourcecode.c.objc; path = SplashViewController.m; sourceTree = "<group>"; };
		482D704F1A5F4B620006315B /* SplashViewController.xib */ = {isa = PBXFileReference; fileEncoding = 4; lastKnownFileType = file.xib; path = SplashViewController.xib; sourceTree = "<group>"; };
		482D70591A60547D0006315B /* StationViewController.h */ = {isa = PBXFileReference; fileEncoding = 4; lastKnownFileType = sourcecode.c.h; path = StationViewController.h; sourceTree = "<group>"; };
		482D705A1A60547D0006315B /* StationViewController.m */ = {isa = PBXFileReference; fileEncoding = 4; lastKnownFileType = sourcecode.c.objc; path = StationViewController.m; sourceTree = "<group>"; };
		482D705B1A60547D0006315B /* StationViewController.xib */ = {isa = PBXFileReference; fileEncoding = 4; lastKnownFileType = file.xib; path = StationViewController.xib; sourceTree = "<group>"; };
		482D705F1A605A420006315B /* DetailAnimationController.h */ = {isa = PBXFileReference; fileEncoding = 4; lastKnownFileType = sourcecode.c.h; path = DetailAnimationController.h; sourceTree = "<group>"; };
		482D70601A605A420006315B /* DetailAnimationController.m */ = {isa = PBXFileReference; fileEncoding = 4; lastKnownFileType = sourcecode.c.objc; path = DetailAnimationController.m; sourceTree = "<group>"; };
		482D706E1A6260390006315B /* TaglineTableViewCell.h */ = {isa = PBXFileReference; fileEncoding = 4; lastKnownFileType = sourcecode.c.h; path = TaglineTableViewCell.h; sourceTree = "<group>"; };
		482D706F1A6260390006315B /* TaglineTableViewCell.m */ = {isa = PBXFileReference; fileEncoding = 4; lastKnownFileType = sourcecode.c.objc; path = TaglineTableViewCell.m; sourceTree = "<group>"; };
		482D70701A6260390006315B /* TaglineTableViewCell.xib */ = {isa = PBXFileReference; fileEncoding = 4; lastKnownFileType = file.xib; path = TaglineTableViewCell.xib; sourceTree = "<group>"; };
		482D70731A62681D0006315B /* StationUrlTableViewCell.h */ = {isa = PBXFileReference; fileEncoding = 4; lastKnownFileType = sourcecode.c.h; path = StationUrlTableViewCell.h; sourceTree = "<group>"; };
		482D70741A62681D0006315B /* StationUrlTableViewCell.m */ = {isa = PBXFileReference; fileEncoding = 4; lastKnownFileType = sourcecode.c.objc; path = StationUrlTableViewCell.m; sourceTree = "<group>"; };
		482D70751A62681D0006315B /* StationUrlTableViewCell.xib */ = {isa = PBXFileReference; fileEncoding = 4; lastKnownFileType = file.xib; path = StationUrlTableViewCell.xib; sourceTree = "<group>"; };
		4837D6731A7EEDE5009F2A0F /* AudioTableViewCell.h */ = {isa = PBXFileReference; fileEncoding = 4; lastKnownFileType = sourcecode.c.h; path = AudioTableViewCell.h; sourceTree = "<group>"; };
		4837D6741A7EEDE5009F2A0F /* AudioTableViewCell.m */ = {isa = PBXFileReference; fileEncoding = 4; lastKnownFileType = sourcecode.c.objc; path = AudioTableViewCell.m; sourceTree = "<group>"; };
		4837D6751A7EEDE5009F2A0F /* AudioTableViewCell.xib */ = {isa = PBXFileReference; fileEncoding = 4; lastKnownFileType = file.xib; path = AudioTableViewCell.xib; sourceTree = "<group>"; };
		4837D6781A7EF972009F2A0F /* AudioManager.h */ = {isa = PBXFileReference; fileEncoding = 4; lastKnownFileType = sourcecode.c.h; path = AudioManager.h; sourceTree = "<group>"; };
		4837D6791A7EF972009F2A0F /* AudioManager.m */ = {isa = PBXFileReference; fileEncoding = 4; lastKnownFileType = sourcecode.c.objc; path = AudioManager.m; sourceTree = "<group>"; };
		4837D67B1A7FE55E009F2A0F /* DetailInteractionController.h */ = {isa = PBXFileReference; fileEncoding = 4; lastKnownFileType = sourcecode.c.h; path = DetailInteractionController.h; sourceTree = "<group>"; };
		4837D67C1A7FE55E009F2A0F /* DetailInteractionController.m */ = {isa = PBXFileReference; fileEncoding = 4; lastKnownFileType = sourcecode.c.objc; path = DetailInteractionController.m; sourceTree = "<group>"; };
		483C2D401A5C72FA007B9995 /* Discover.app */ = {isa = PBXFileReference; explicitFileType = wrapper.application; includeInIndex = 0; path = Discover.app; sourceTree = BUILT_PRODUCTS_DIR; };
		483C2D441A5C72FA007B9995 /* Info.plist */ = {isa = PBXFileReference; lastKnownFileType = text.plist.xml; path = Info.plist; sourceTree = "<group>"; };
		483C2D451A5C72FA007B9995 /* main.m */ = {isa = PBXFileReference; lastKnownFileType = sourcecode.c.objc; path = main.m; sourceTree = "<group>"; };
		483C2D471A5C72FA007B9995 /* AppDelegate.h */ = {isa = PBXFileReference; lastKnownFileType = sourcecode.c.h; path = AppDelegate.h; sourceTree = "<group>"; };
		483C2D481A5C72FA007B9995 /* AppDelegate.m */ = {isa = PBXFileReference; lastKnownFileType = sourcecode.c.objc; path = AppDelegate.m; sourceTree = "<group>"; };
		483C2D501A5C72FA007B9995 /* Images.xcassets */ = {isa = PBXFileReference; lastKnownFileType = folder.assetcatalog; path = Images.xcassets; sourceTree = "<group>"; };
		483C2D531A5C72FA007B9995 /* Base */ = {isa = PBXFileReference; lastKnownFileType = file.xib; name = Base; path = Base.lproj/LaunchScreen.xib; sourceTree = "<group>"; };
		483C2D591A5C72FB007B9995 /* NPRFinderTests.xctest */ = {isa = PBXFileReference; explicitFileType = wrapper.cfbundle; includeInIndex = 0; path = NPRFinderTests.xctest; sourceTree = BUILT_PRODUCTS_DIR; };
		483C2D5E1A5C72FB007B9995 /* Info.plist */ = {isa = PBXFileReference; lastKnownFileType = text.plist.xml; path = Info.plist; sourceTree = "<group>"; };
		483C2D5F1A5C72FB007B9995 /* NPRFinderTests.m */ = {isa = PBXFileReference; lastKnownFileType = sourcecode.c.objc; path = NPRFinderTests.m; sourceTree = "<group>"; };
		483C2D711A5C79FB007B9995 /* HomeViewController.h */ = {isa = PBXFileReference; fileEncoding = 4; lastKnownFileType = sourcecode.c.h; path = HomeViewController.h; sourceTree = "<group>"; };
		483C2D721A5C79FB007B9995 /* HomeViewController.m */ = {isa = PBXFileReference; fileEncoding = 4; lastKnownFileType = sourcecode.c.objc; path = HomeViewController.m; sourceTree = "<group>"; };
		483C2D771A5C7A1E007B9995 /* HomeViewController.xib */ = {isa = PBXFileReference; fileEncoding = 4; lastKnownFileType = file.xib; path = HomeViewController.xib; sourceTree = "<group>"; };
		483C2D7B1A5C7CFA007B9995 /* UIImage+NPRFinder.h */ = {isa = PBXFileReference; fileEncoding = 4; lastKnownFileType = sourcecode.c.h; path = "UIImage+NPRFinder.h"; sourceTree = "<group>"; };
		483C2D7C1A5C7CFA007B9995 /* UIImage+NPRFinder.m */ = {isa = PBXFileReference; fileEncoding = 4; lastKnownFileType = sourcecode.c.objc; path = "UIImage+NPRFinder.m"; sourceTree = "<group>"; };
		488809111A76B473001C537D /* SwitchConstants.m */ = {isa = PBXFileReference; fileEncoding = 4; lastKnownFileType = sourcecode.c.objc; path = SwitchConstants.m; sourceTree = "<group>"; };
		488809131A76B4E7001C537D /* PrivateConstants.m */ = {isa = PBXFileReference; fileEncoding = 4; lastKnownFileType = sourcecode.c.objc; path = PrivateConstants.m; sourceTree = "<group>"; };
		488809151A76B5BA001C537D /* ErrorConstants.m */ = {isa = PBXFileReference; fileEncoding = 4; lastKnownFileType = sourcecode.c.objc; path = ErrorConstants.m; sourceTree = "<group>"; };
		4888091E1A794528001C537D /* UINavigationItem+NPRFinder.h */ = {isa = PBXFileReference; fileEncoding = 4; lastKnownFileType = sourcecode.c.h; path = "UINavigationItem+NPRFinder.h"; sourceTree = "<group>"; };
		4888091F1A794528001C537D /* UINavigationItem+NPRFinder.m */ = {isa = PBXFileReference; fileEncoding = 4; lastKnownFileType = sourcecode.c.objc; path = "UINavigationItem+NPRFinder.m"; sourceTree = "<group>"; };
		48A744EA1A7B5066001B1401 /* NPRNavigationBar.h */ = {isa = PBXFileReference; fileEncoding = 4; lastKnownFileType = sourcecode.c.h; path = NPRNavigationBar.h; sourceTree = "<group>"; };
		48A744EB1A7B5066001B1401 /* NPRNavigationBar.m */ = {isa = PBXFileReference; fileEncoding = 4; lastKnownFileType = sourcecode.c.objc; path = NPRNavigationBar.m; sourceTree = "<group>"; };
		48B348911A6C72DB000A5FE0 /* Crashlytics.framework */ = {isa = PBXFileReference; lastKnownFileType = wrapper.framework; path = Crashlytics.framework; sourceTree = "<group>"; };
		48B348931A6C74DE000A5FE0 /* CrashlyticsLogger.h */ = {isa = PBXFileReference; fileEncoding = 4; lastKnownFileType = sourcecode.c.h; path = CrashlyticsLogger.h; sourceTree = "<group>"; };
		48B348941A6C74DE000A5FE0 /* CrashlyticsLogger.m */ = {isa = PBXFileReference; fileEncoding = 4; lastKnownFileType = sourcecode.c.objc; path = CrashlyticsLogger.m; sourceTree = "<group>"; };
		48E504991A5CA06D005856D8 /* UIFont+NPRFinder.h */ = {isa = PBXFileReference; fileEncoding = 4; lastKnownFileType = sourcecode.c.h; path = "UIFont+NPRFinder.h"; sourceTree = "<group>"; };
		48E5049A1A5CA06D005856D8 /* UIFont+NPRFinder.m */ = {isa = PBXFileReference; fileEncoding = 4; lastKnownFileType = sourcecode.c.objc; path = "UIFont+NPRFinder.m"; sourceTree = "<group>"; };
		48E5049C1A5CAB47005856D8 /* UITableViewCell+NPRFinder.h */ = {isa = PBXFileReference; fileEncoding = 4; lastKnownFileType = sourcecode.c.h; path = "UITableViewCell+NPRFinder.h"; sourceTree = "<group>"; };
		48E5049D1A5CAB47005856D8 /* UITableViewCell+NPRFinder.m */ = {isa = PBXFileReference; fileEncoding = 4; lastKnownFileType = sourcecode.c.objc; path = "UITableViewCell+NPRFinder.m"; sourceTree = "<group>"; };
		48E5049F1A5CABB5005856D8 /* StationTableViewCell.h */ = {isa = PBXFileReference; fileEncoding = 4; lastKnownFileType = sourcecode.c.h; path = StationTableViewCell.h; sourceTree = "<group>"; };
		48E504A01A5CABB5005856D8 /* StationTableViewCell.m */ = {isa = PBXFileReference; fileEncoding = 4; lastKnownFileType = sourcecode.c.objc; path = StationTableViewCell.m; sourceTree = "<group>"; };
		48E504A21A5CABC1005856D8 /* StationTableViewCell.xib */ = {isa = PBXFileReference; fileEncoding = 4; lastKnownFileType = file.xib; path = StationTableViewCell.xib; sourceTree = "<group>"; };
		48E504A41A5CAC52005856D8 /* Station.h */ = {isa = PBXFileReference; fileEncoding = 4; lastKnownFileType = sourcecode.c.h; path = Station.h; sourceTree = "<group>"; };
		48E504A51A5CAC52005856D8 /* Station.m */ = {isa = PBXFileReference; fileEncoding = 4; lastKnownFileType = sourcecode.c.objc; path = Station.m; sourceTree = "<group>"; };
		48E504A71A5CAD3F005856D8 /* BaseViewController.h */ = {isa = PBXFileReference; fileEncoding = 4; lastKnownFileType = sourcecode.c.h; path = BaseViewController.h; sourceTree = "<group>"; };
		48E504A81A5CAD3F005856D8 /* BaseViewController.m */ = {isa = PBXFileReference; fileEncoding = 4; lastKnownFileType = sourcecode.c.objc; path = BaseViewController.m; sourceTree = "<group>"; };
		48E504AF1A5D1FE9005856D8 /* LocationManager.h */ = {isa = PBXFileReference; fileEncoding = 4; lastKnownFileType = sourcecode.c.h; path = LocationManager.h; sourceTree = "<group>"; };
		48E504B01A5D1FE9005856D8 /* LocationManager.m */ = {isa = PBXFileReference; fileEncoding = 4; lastKnownFileType = sourcecode.c.objc; path = LocationManager.m; sourceTree = "<group>"; };
		48E504B21A5D229E005856D8 /* SwitchConstants.h */ = {isa = PBXFileReference; lastKnownFileType = sourcecode.c.h; path = SwitchConstants.h; sourceTree = "<group>"; };
		48E504B31A5D22F1005856D8 /* ErrorManager.h */ = {isa = PBXFileReference; fileEncoding = 4; lastKnownFileType = sourcecode.c.h; path = ErrorManager.h; sourceTree = "<group>"; };
		48E504B41A5D22F1005856D8 /* ErrorManager.m */ = {isa = PBXFileReference; fileEncoding = 4; lastKnownFileType = sourcecode.c.objc; path = ErrorManager.m; sourceTree = "<group>"; };
		48E504B61A5D237F005856D8 /* ErrorConstants.h */ = {isa = PBXFileReference; lastKnownFileType = sourcecode.c.h; path = ErrorConstants.h; sourceTree = "<group>"; };
		48E504B71A5D2510005856D8 /* NotificationManager.h */ = {isa = PBXFileReference; fileEncoding = 4; lastKnownFileType = sourcecode.c.h; path = NotificationManager.h; sourceTree = "<group>"; };
		48E504B81A5D2510005856D8 /* NotificationManager.m */ = {isa = PBXFileReference; fileEncoding = 4; lastKnownFileType = sourcecode.c.objc; path = NotificationManager.m; sourceTree = "<group>"; };
		48E504BB1A5D2B2C005856D8 /* NPRFinder-Prefix.pch */ = {isa = PBXFileReference; lastKnownFileType = sourcecode.c.h; path = "NPRFinder-Prefix.pch"; sourceTree = "<group>"; };
		E734911B2C8F14D8A94B2E77 /* Pods.release.xcconfig */ = {isa = PBXFileReference; includeInIndex = 1; lastKnownFileType = text.xcconfig; name = Pods.release.xcconfig; path = "Pods/Target Support Files/Pods/Pods.release.xcconfig"; sourceTree = "<group>"; };
/* End PBXFileReference section */

/* Begin PBXFrameworksBuildPhase section */
		483C2D3D1A5C72FA007B9995 /* Frameworks */ = {
			isa = PBXFrameworksBuildPhase;
			buildActionMask = 2147483647;
			files = (
				48B348921A6C72DB000A5FE0 /* Crashlytics.framework in Frameworks */,
				23E5A6989EE922B4A7866FF6 /* libPods.a in Frameworks */,
			);
			runOnlyForDeploymentPostprocessing = 0;
		};
		483C2D561A5C72FB007B9995 /* Frameworks */ = {
			isa = PBXFrameworksBuildPhase;
			buildActionMask = 2147483647;
			files = (
			);
			runOnlyForDeploymentPostprocessing = 0;
		};
/* End PBXFrameworksBuildPhase section */

/* Begin PBXGroup section */
		0E525F4E1FACF5F41C46BC91 /* Frameworks */ = {
			isa = PBXGroup;
			children = (
				48B348911A6C72DB000A5FE0 /* Crashlytics.framework */,
				265456F037BDBA03C95999CA /* libPods.a */,
			);
			name = Frameworks;
			sourceTree = "<group>";
		};
		386992E1CA8A9B212A7BDA02 /* Pods */ = {
			isa = PBXGroup;
			children = (
				33D19D9A881CFE329A7961F8 /* Pods.debug.xcconfig */,
				E734911B2C8F14D8A94B2E77 /* Pods.release.xcconfig */,
			);
			name = Pods;
			sourceTree = "<group>";
		};
		480088461A6F2168004AB56C /* Programs */ = {
			isa = PBXGroup;
			children = (
				480088411A6F203D004AB56C /* ProgramsViewController.h */,
				480088421A6F203D004AB56C /* ProgramsViewController.m */,
				480088431A6F203D004AB56C /* ProgramsViewController.xib */,
				480FA7F01A650D5100FC1C52 /* ProgramTableViewCell.h */,
				480FA7F11A650D5100FC1C52 /* ProgramTableViewCell.m */,
				480FA7F31A650D6500FC1C52 /* ProgramTableViewCell.xib */,
			);
			name = Programs;
			sourceTree = "<group>";
		};
		480FA8001A678EED00FC1C52 /* Transition Controller */ = {
			isa = PBXGroup;
			children = (
				480FA8011A678F0300FC1C52 /* TransitionController.h */,
				480FA8021A678F0300FC1C52 /* TransitionController.m */,
			);
			name = "Transition Controller";
			sourceTree = "<group>";
		};
		482D701B1A5D2E170006315B /* Managers */ = {
			isa = PBXGroup;
			children = (
				48E504AF1A5D1FE9005856D8 /* LocationManager.h */,
				48E504B01A5D1FE9005856D8 /* LocationManager.m */,
				48E504B31A5D22F1005856D8 /* ErrorManager.h */,
				48E504B41A5D22F1005856D8 /* ErrorManager.m */,
				48E504B71A5D2510005856D8 /* NotificationManager.h */,
				48E504B81A5D2510005856D8 /* NotificationManager.m */,
				482D70201A5D2FA60006315B /* NetworkManager.h */,
				482D70211A5D2FA60006315B /* NetworkManager.m */,
				4837D6781A7EF972009F2A0F /* AudioManager.h */,
				4837D6791A7EF972009F2A0F /* AudioManager.m */,
			);
			name = Managers;
			sourceTree = "<group>";
		};
		482D701C1A5D2E290006315B /* Constants */ = {
			isa = PBXGroup;
			children = (
				48E504B21A5D229E005856D8 /* SwitchConstants.h */,
				488809111A76B473001C537D /* SwitchConstants.m */,
				48E504B61A5D237F005856D8 /* ErrorConstants.h */,
				488809151A76B5BA001C537D /* ErrorConstants.m */,
				480FA7EC1A649FBD00FC1C52 /* PrivateConstants.h */,
				488809131A76B4E7001C537D /* PrivateConstants.m */,
			);
			name = Constants;
			sourceTree = "<group>";
		};
		482D70351A5E43C30006315B /* Search */ = {
			isa = PBXGroup;
			children = (
				482D70361A5E43E40006315B /* SearchViewController.h */,
				482D70371A5E43E40006315B /* SearchViewController.m */,
				482D70391A5E43F20006315B /* SearchViewController.xib */,
			);
			name = Search;
			sourceTree = "<group>";
		};
		482D703E1A5E50110006315B /* Animation Controllers */ = {
			isa = PBXGroup;
			children = (
				482D703B1A5E4F5D0006315B /* FadeAnimationController.h */,
				482D703C1A5E4F5D0006315B /* FadeAnimationController.m */,
				482D705F1A605A420006315B /* DetailAnimationController.h */,
				482D70601A605A420006315B /* DetailAnimationController.m */,
				480088471A6F2C44004AB56C /* SlideAnimationController.h */,
				480088481A6F2C44004AB56C /* SlideAnimationController.m */,
				4837D67B1A7FE55E009F2A0F /* DetailInteractionController.h */,
				4837D67C1A7FE55E009F2A0F /* DetailInteractionController.m */,
			);
			name = "Animation Controllers";
			sourceTree = "<group>";
		};
		482D704B1A5F4B440006315B /* Splash */ = {
			isa = PBXGroup;
			children = (
				482D704C1A5F4B580006315B /* SplashViewController.h */,
				482D704D1A5F4B580006315B /* SplashViewController.m */,
				482D704F1A5F4B620006315B /* SplashViewController.xib */,
			);
			name = Splash;
			sourceTree = "<group>";
		};
		482D705E1A6054840006315B /* Station */ = {
			isa = PBXGroup;
			children = (
				482D70591A60547D0006315B /* StationViewController.h */,
				482D705A1A60547D0006315B /* StationViewController.m */,
				482D705B1A60547D0006315B /* StationViewController.xib */,
				482D706E1A6260390006315B /* TaglineTableViewCell.h */,
				482D706F1A6260390006315B /* TaglineTableViewCell.m */,
				482D70701A6260390006315B /* TaglineTableViewCell.xib */,
				482D70731A62681D0006315B /* StationUrlTableViewCell.h */,
				482D70741A62681D0006315B /* StationUrlTableViewCell.m */,
				482D70751A62681D0006315B /* StationUrlTableViewCell.xib */,
				4800883A1A6F1162004AB56C /* StationDetailsTableViewCell.h */,
				4800883B1A6F1162004AB56C /* StationDetailsTableViewCell.m */,
				4800883D1A6F1282004AB56C /* StationDetailsTableViewCell.xib */,
				4837D6731A7EEDE5009F2A0F /* AudioTableViewCell.h */,
				4837D6741A7EEDE5009F2A0F /* AudioTableViewCell.m */,
				4837D6751A7EEDE5009F2A0F /* AudioTableViewCell.xib */,
			);
			name = Station;
			sourceTree = "<group>";
		};
		483C2D371A5C72FA007B9995 = {
			isa = PBXGroup;
			children = (
				483C2D421A5C72FA007B9995 /* NPRFinder */,
				483C2D5C1A5C72FB007B9995 /* NPRFinderTests */,
				483C2D411A5C72FA007B9995 /* Products */,
				386992E1CA8A9B212A7BDA02 /* Pods */,
				0E525F4E1FACF5F41C46BC91 /* Frameworks */,
			);
			sourceTree = "<group>";
		};
		483C2D411A5C72FA007B9995 /* Products */ = {
			isa = PBXGroup;
			children = (
				483C2D401A5C72FA007B9995 /* Discover.app */,
				483C2D591A5C72FB007B9995 /* NPRFinderTests.xctest */,
			);
			name = Products;
			sourceTree = "<group>";
		};
		483C2D421A5C72FA007B9995 /* NPRFinder */ = {
			isa = PBXGroup;
			children = (
				480088461A6F2168004AB56C /* Programs */,
				480FA8001A678EED00FC1C52 /* Transition Controller */,
				482D703E1A5E50110006315B /* Animation Controllers */,
				482D705E1A6054840006315B /* Station */,
				482D704B1A5F4B440006315B /* Splash */,
				482D70351A5E43C30006315B /* Search */,
				482D701C1A5D2E290006315B /* Constants */,
				482D701B1A5D2E170006315B /* Managers */,
				48E504AE1A5CB088005856D8 /* Base */,
				48E504AD1A5CB078005856D8 /* Home */,
				48E504AB1A5CB06A005856D8 /* Models */,
				48E504AC1A5CB071005856D8 /* Categories */,
				48E504AA1A5CB063005856D8 /* App Delegate */,
				48B348931A6C74DE000A5FE0 /* CrashlyticsLogger.h */,
				48B348941A6C74DE000A5FE0 /* CrashlyticsLogger.m */,
				483C2D521A5C72FA007B9995 /* LaunchScreen.xib */,
				483C2D501A5C72FA007B9995 /* Images.xcassets */,
				483C2D431A5C72FA007B9995 /* Supporting Files */,
				48A744EA1A7B5066001B1401 /* NPRNavigationBar.h */,
				48A744EB1A7B5066001B1401 /* NPRNavigationBar.m */,
			);
			path = NPRFinder;
			sourceTree = "<group>";
		};
		483C2D431A5C72FA007B9995 /* Supporting Files */ = {
			isa = PBXGroup;
			children = (
				483C2D441A5C72FA007B9995 /* Info.plist */,
				483C2D451A5C72FA007B9995 /* main.m */,
				48E504BB1A5D2B2C005856D8 /* NPRFinder-Prefix.pch */,
			);
			name = "Supporting Files";
			sourceTree = "<group>";
		};
		483C2D5C1A5C72FB007B9995 /* NPRFinderTests */ = {
			isa = PBXGroup;
			children = (
				483C2D5F1A5C72FB007B9995 /* NPRFinderTests.m */,
				483C2D5D1A5C72FB007B9995 /* Supporting Files */,
			);
			path = NPRFinderTests;
			sourceTree = "<group>";
		};
		483C2D5D1A5C72FB007B9995 /* Supporting Files */ = {
			isa = PBXGroup;
			children = (
				483C2D5E1A5C72FB007B9995 /* Info.plist */,
			);
			name = "Supporting Files";
			sourceTree = "<group>";
		};
		48E504AA1A5CB063005856D8 /* App Delegate */ = {
			isa = PBXGroup;
			children = (
				483C2D471A5C72FA007B9995 /* AppDelegate.h */,
				483C2D481A5C72FA007B9995 /* AppDelegate.m */,
			);
			name = "App Delegate";
			sourceTree = "<group>";
		};
		48E504AB1A5CB06A005856D8 /* Models */ = {
			isa = PBXGroup;
			children = (
				48E504A41A5CAC52005856D8 /* Station.h */,
				48E504A51A5CAC52005856D8 /* Station.m */,
				482D70231A5D903A0006315B /* StationUrl.h */,
				482D70241A5D903A0006315B /* StationUrl.m */,
				480FA7ED1A650A4E00FC1C52 /* Program.h */,
				480FA7EE1A650A4E00FC1C52 /* Program.m */,
			);
			name = Models;
			sourceTree = "<group>";
		};
		48E504AC1A5CB071005856D8 /* Categories */ = {
			isa = PBXGroup;
			children = (
				482D70321A5E17270006315B /* UIImage+ImageEffects.h */,
				482D70331A5E17270006315B /* UIImage+ImageEffects.m */,
				483C2D7B1A5C7CFA007B9995 /* UIImage+NPRFinder.h */,
				483C2D7C1A5C7CFA007B9995 /* UIImage+NPRFinder.m */,
				48E504991A5CA06D005856D8 /* UIFont+NPRFinder.h */,
				48E5049A1A5CA06D005856D8 /* UIFont+NPRFinder.m */,
				48E5049C1A5CAB47005856D8 /* UITableViewCell+NPRFinder.h */,
				48E5049D1A5CAB47005856D8 /* UITableViewCell+NPRFinder.m */,
				482D701D1A5D2EEC0006315B /* UIScreen+NPRFinder.h */,
				482D701E1A5D2EEC0006315B /* UIScreen+NPRFinder.m */,
				482D70261A5D99A90006315B /* UILabel+NPRFinder.h */,
				482D70271A5D99A90006315B /* UILabel+NPRFinder.m */,
				482D70291A5D9AB70006315B /* UIButton+NPRFinder.h */,
				482D702A1A5D9AB70006315B /* UIButton+NPRFinder.m */,
				482D702C1A5DCC660006315B /* NSString+NPRFinder.h */,
				482D702D1A5DCC660006315B /* NSString+NPRFinder.m */,
				482D702F1A5DE0230006315B /* UIColor+NPRFinder.h */,
				482D70301A5DE0230006315B /* UIColor+NPRFinder.m */,
				482D703F1A5F0F8A0006315B /* UITextField+NPRFinder.h */,
				482D70401A5F0F8A0006315B /* UITextField+NPRFinder.m */,
				482D70421A5F247F0006315B /* UITableView+NPRFinder.h */,
				482D70431A5F247F0006315B /* UITableView+NPRFinder.m */,
				482D70481A5F34BF0006315B /* UIView+NPRFinder.h */,
				482D70491A5F34BF0006315B /* UIView+NPRFinder.m */,
				480FA7FA1A6748FB00FC1C52 /* UIView+NPRConstraints.h */,
				480FA7FB1A6748FB00FC1C52 /* UIView+NPRConstraints.m */,
				4888091E1A794528001C537D /* UINavigationItem+NPRFinder.h */,
				4888091F1A794528001C537D /* UINavigationItem+NPRFinder.m */,
			);
			name = Categories;
			sourceTree = "<group>";
		};
		48E504AD1A5CB078005856D8 /* Home */ = {
			isa = PBXGroup;
			children = (
				483C2D711A5C79FB007B9995 /* HomeViewController.h */,
				483C2D721A5C79FB007B9995 /* HomeViewController.m */,
				483C2D771A5C7A1E007B9995 /* HomeViewController.xib */,
				48E5049F1A5CABB5005856D8 /* StationTableViewCell.h */,
				48E504A01A5CABB5005856D8 /* StationTableViewCell.m */,
				48E504A21A5CABC1005856D8 /* StationTableViewCell.xib */,
			);
			name = Home;
			sourceTree = "<group>";
		};
		48E504AE1A5CB088005856D8 /* Base */ = {
			isa = PBXGroup;
			children = (
				48E504A71A5CAD3F005856D8 /* BaseViewController.h */,
				48E504A81A5CAD3F005856D8 /* BaseViewController.m */,
				480FA7FD1A678B5D00FC1C52 /* BaseNavigationController.h */,
				480FA7FE1A678B5D00FC1C52 /* BaseNavigationController.m */,
			);
			name = Base;
			sourceTree = "<group>";
		};
/* End PBXGroup section */

/* Begin PBXNativeTarget section */
		483C2D3F1A5C72FA007B9995 /* NPRFinder */ = {
			isa = PBXNativeTarget;
			buildConfigurationList = 483C2D631A5C72FB007B9995 /* Build configuration list for PBXNativeTarget "NPRFinder" */;
			buildPhases = (
				47D14CC6C1CB110BB6BE5AB8 /* Check Pods Manifest.lock */,
				483C2D3C1A5C72FA007B9995 /* Sources */,
				483C2D3D1A5C72FA007B9995 /* Frameworks */,
				483C2D3E1A5C72FA007B9995 /* Resources */,
				1B361E8A049F54BE95605C64 /* Copy Pods Resources */,
				48B348901A6C729E000A5FE0 /* ShellScript */,
			);
			buildRules = (
			);
			dependencies = (
			);
			name = NPRFinder;
			productName = NPRFinder;
			productReference = 483C2D401A5C72FA007B9995 /* Discover.app */;
			productType = "com.apple.product-type.application";
		};
		483C2D581A5C72FB007B9995 /* NPRFinderTests */ = {
			isa = PBXNativeTarget;
			buildConfigurationList = 483C2D661A5C72FB007B9995 /* Build configuration list for PBXNativeTarget "NPRFinderTests" */;
			buildPhases = (
				483C2D551A5C72FB007B9995 /* Sources */,
				483C2D561A5C72FB007B9995 /* Frameworks */,
				483C2D571A5C72FB007B9995 /* Resources */,
			);
			buildRules = (
			);
			dependencies = (
				483C2D5B1A5C72FB007B9995 /* PBXTargetDependency */,
			);
			name = NPRFinderTests;
			productName = NPRFinderTests;
			productReference = 483C2D591A5C72FB007B9995 /* NPRFinderTests.xctest */;
			productType = "com.apple.product-type.bundle.unit-test";
		};
/* End PBXNativeTarget section */

/* Begin PBXProject section */
		483C2D381A5C72FA007B9995 /* Project object */ = {
			isa = PBXProject;
			attributes = {
				LastUpgradeCheck = 0610;
				ORGANIZATIONNAME = "Bradley Smith";
				TargetAttributes = {
					483C2D3F1A5C72FA007B9995 = {
						CreatedOnToolsVersion = 6.1.1;
						DevelopmentTeam = Q9WZ7ZSJK2;
						SystemCapabilities = {
							com.apple.BackgroundModes = {
								enabled = 1;
							};
						};
					};
					483C2D581A5C72FB007B9995 = {
						CreatedOnToolsVersion = 6.1.1;
						TestTargetID = 483C2D3F1A5C72FA007B9995;
					};
				};
			};
			buildConfigurationList = 483C2D3B1A5C72FA007B9995 /* Build configuration list for PBXProject "NPRFinder" */;
			compatibilityVersion = "Xcode 3.2";
			developmentRegion = English;
			hasScannedForEncodings = 0;
			knownRegions = (
				en,
				Base,
			);
			mainGroup = 483C2D371A5C72FA007B9995;
			productRefGroup = 483C2D411A5C72FA007B9995 /* Products */;
			projectDirPath = "";
			projectRoot = "";
			targets = (
				483C2D3F1A5C72FA007B9995 /* NPRFinder */,
				483C2D581A5C72FB007B9995 /* NPRFinderTests */,
			);
		};
/* End PBXProject section */

/* Begin PBXResourcesBuildPhase section */
		483C2D3E1A5C72FA007B9995 /* Resources */ = {
			isa = PBXResourcesBuildPhase;
			buildActionMask = 2147483647;
			files = (
				480FA7F41A650D6500FC1C52 /* ProgramTableViewCell.xib in Resources */,
				480088451A6F203D004AB56C /* ProgramsViewController.xib in Resources */,
				482D70771A62681D0006315B /* StationUrlTableViewCell.xib in Resources */,
				4800883E1A6F1282004AB56C /* StationDetailsTableViewCell.xib in Resources */,
				482D705D1A60547D0006315B /* StationViewController.xib in Resources */,
				483C2D541A5C72FA007B9995 /* LaunchScreen.xib in Resources */,
				482D70501A5F4B620006315B /* SplashViewController.xib in Resources */,
				483C2D511A5C72FA007B9995 /* Images.xcassets in Resources */,
				482D70721A6260390006315B /* TaglineTableViewCell.xib in Resources */,
				48E504A31A5CABC1005856D8 /* StationTableViewCell.xib in Resources */,
				482D703A1A5E43F20006315B /* SearchViewController.xib in Resources */,
				4837D6771A7EEDE5009F2A0F /* AudioTableViewCell.xib in Resources */,
				483C2D781A5C7A1E007B9995 /* HomeViewController.xib in Resources */,
			);
			runOnlyForDeploymentPostprocessing = 0;
		};
		483C2D571A5C72FB007B9995 /* Resources */ = {
			isa = PBXResourcesBuildPhase;
			buildActionMask = 2147483647;
			files = (
			);
			runOnlyForDeploymentPostprocessing = 0;
		};
/* End PBXResourcesBuildPhase section */

/* Begin PBXShellScriptBuildPhase section */
		1B361E8A049F54BE95605C64 /* Copy Pods Resources */ = {
			isa = PBXShellScriptBuildPhase;
			buildActionMask = 2147483647;
			files = (
			);
			inputPaths = (
			);
			name = "Copy Pods Resources";
			outputPaths = (
			);
			runOnlyForDeploymentPostprocessing = 0;
			shellPath = /bin/sh;
			shellScript = "\"${SRCROOT}/Pods/Target Support Files/Pods/Pods-resources.sh\"\n";
			showEnvVarsInLog = 0;
		};
		47D14CC6C1CB110BB6BE5AB8 /* Check Pods Manifest.lock */ = {
			isa = PBXShellScriptBuildPhase;
			buildActionMask = 2147483647;
			files = (
			);
			inputPaths = (
			);
			name = "Check Pods Manifest.lock";
			outputPaths = (
			);
			runOnlyForDeploymentPostprocessing = 0;
			shellPath = /bin/sh;
			shellScript = "diff \"${PODS_ROOT}/../Podfile.lock\" \"${PODS_ROOT}/Manifest.lock\" > /dev/null\nif [[ $? != 0 ]] ; then\n    cat << EOM\nerror: The sandbox is not in sync with the Podfile.lock. Run 'pod install' or update your CocoaPods installation.\nEOM\n    exit 1\nfi\n";
			showEnvVarsInLog = 0;
		};
		48B348901A6C729E000A5FE0 /* ShellScript */ = {
			isa = PBXShellScriptBuildPhase;
			buildActionMask = 2147483647;
			files = (
			);
			inputPaths = (
			);
			outputPaths = (
			);
			runOnlyForDeploymentPostprocessing = 0;
			shellPath = /bin/sh;
			shellScript = "./Crashlytics.framework/run 6c53e07ce4264c564f36e794785f771e94051f8b 42f4b62d1beeb9d9308c5b24996d23c4027874e0cc1c8d550bf83defbd3c02c3";
		};
/* End PBXShellScriptBuildPhase section */

/* Begin PBXSourcesBuildPhase section */
		483C2D3C1A5C72FA007B9995 /* Sources */ = {
			isa = PBXSourcesBuildPhase;
			buildActionMask = 2147483647;
			files = (
				480FA7F21A650D5100FC1C52 /* ProgramTableViewCell.m in Sources */,
				483C2D7D1A5C7CFA007B9995 /* UIImage+NPRFinder.m in Sources */,
				48A744EC1A7B5066001B1401 /* NPRNavigationBar.m in Sources */,
				48E504A91A5CAD3F005856D8 /* BaseViewController.m in Sources */,
				480FA7FF1A678B5D00FC1C52 /* BaseNavigationController.m in Sources */,
				48E504B51A5D22F1005856D8 /* ErrorManager.m in Sources */,
				482D704E1A5F4B580006315B /* SplashViewController.m in Sources */,
				483C2D491A5C72FA007B9995 /* AppDelegate.m in Sources */,
				48B348951A6C74DE000A5FE0 /* CrashlyticsLogger.m in Sources */,
				48E504B11A5D1FE9005856D8 /* LocationManager.m in Sources */,
				482D70251A5D903A0006315B /* StationUrl.m in Sources */,
				482D703D1A5E4F5D0006315B /* FadeAnimationController.m in Sources */,
				48E5049E1A5CAB47005856D8 /* UITableViewCell+NPRFinder.m in Sources */,
				48E504B91A5D2510005856D8 /* NotificationManager.m in Sources */,
				483C2D461A5C72FA007B9995 /* main.m in Sources */,
				482D70221A5D2FA60006315B /* NetworkManager.m in Sources */,
				4800883C1A6F1162004AB56C /* StationDetailsTableViewCell.m in Sources */,
				482D70761A62681D0006315B /* StationUrlTableViewCell.m in Sources */,
				48E5049B1A5CA06D005856D8 /* UIFont+NPRFinder.m in Sources */,
				480FA7FC1A6748FB00FC1C52 /* UIView+NPRConstraints.m in Sources */,
				482D70611A605A420006315B /* DetailAnimationController.m in Sources */,
				488809161A76B5BA001C537D /* ErrorConstants.m in Sources */,
				482D702B1A5D9AB70006315B /* UIButton+NPRFinder.m in Sources */,
				482D701F1A5D2EEC0006315B /* UIScreen+NPRFinder.m in Sources */,
				480088491A6F2C44004AB56C /* SlideAnimationController.m in Sources */,
				482D70441A5F247F0006315B /* UITableView+NPRFinder.m in Sources */,
				4837D67D1A7FE55E009F2A0F /* DetailInteractionController.m in Sources */,
				482D70411A5F0F8A0006315B /* UITextField+NPRFinder.m in Sources */,
				482D70381A5E43E40006315B /* SearchViewController.m in Sources */,
				488809201A794528001C537D /* UINavigationItem+NPRFinder.m in Sources */,
				480088441A6F203D004AB56C /* ProgramsViewController.m in Sources */,
				482D705C1A60547D0006315B /* StationViewController.m in Sources */,
				48E504A11A5CABB5005856D8 /* StationTableViewCell.m in Sources */,
				483C2D731A5C79FB007B9995 /* HomeViewController.m in Sources */,
				48E504A61A5CAC52005856D8 /* Station.m in Sources */,
				482D70341A5E17270006315B /* UIImage+ImageEffects.m in Sources */,
				482D702E1A5DCC660006315B /* NSString+NPRFinder.m in Sources */,
				4837D67A1A7EF972009F2A0F /* AudioManager.m in Sources */,
				482D704A1A5F34BF0006315B /* UIView+NPRFinder.m in Sources */,
				480FA7EF1A650A4E00FC1C52 /* Program.m in Sources */,
				4837D6761A7EEDE5009F2A0F /* AudioTableViewCell.m in Sources */,
				488809121A76B473001C537D /* SwitchConstants.m in Sources */,
				482D70281A5D99A90006315B /* UILabel+NPRFinder.m in Sources */,
				488809141A76B4E7001C537D /* PrivateConstants.m in Sources */,
				482D70311A5DE0230006315B /* UIColor+NPRFinder.m in Sources */,
				480FA8031A678F0300FC1C52 /* TransitionController.m in Sources */,
				482D70711A6260390006315B /* TaglineTableViewCell.m in Sources */,
			);
			runOnlyForDeploymentPostprocessing = 0;
		};
		483C2D551A5C72FB007B9995 /* Sources */ = {
			isa = PBXSourcesBuildPhase;
			buildActionMask = 2147483647;
			files = (
				483C2D601A5C72FB007B9995 /* NPRFinderTests.m in Sources */,
			);
			runOnlyForDeploymentPostprocessing = 0;
		};
/* End PBXSourcesBuildPhase section */

/* Begin PBXTargetDependency section */
		483C2D5B1A5C72FB007B9995 /* PBXTargetDependency */ = {
			isa = PBXTargetDependency;
			target = 483C2D3F1A5C72FA007B9995 /* NPRFinder */;
			targetProxy = 483C2D5A1A5C72FB007B9995 /* PBXContainerItemProxy */;
		};
/* End PBXTargetDependency section */

/* Begin PBXVariantGroup section */
		483C2D521A5C72FA007B9995 /* LaunchScreen.xib */ = {
			isa = PBXVariantGroup;
			children = (
				483C2D531A5C72FA007B9995 /* Base */,
			);
			name = LaunchScreen.xib;
			sourceTree = "<group>";
		};
/* End PBXVariantGroup section */

/* Begin XCBuildConfiguration section */
		483C2D611A5C72FB007B9995 /* Debug */ = {
			isa = XCBuildConfiguration;
			buildSettings = {
				ALWAYS_SEARCH_USER_PATHS = NO;
				CLANG_CXX_LANGUAGE_STANDARD = "gnu++0x";
				CLANG_CXX_LIBRARY = "libc++";
				CLANG_ENABLE_MODULES = YES;
				CLANG_ENABLE_OBJC_ARC = YES;
				CLANG_WARN_BOOL_CONVERSION = YES;
				CLANG_WARN_CONSTANT_CONVERSION = YES;
				CLANG_WARN_DIRECT_OBJC_ISA_USAGE = YES_ERROR;
				CLANG_WARN_EMPTY_BODY = YES;
				CLANG_WARN_ENUM_CONVERSION = YES;
				CLANG_WARN_INT_CONVERSION = YES;
				CLANG_WARN_OBJC_ROOT_CLASS = YES_ERROR;
				CLANG_WARN_UNREACHABLE_CODE = YES;
				CLANG_WARN__DUPLICATE_METHOD_MATCH = YES;
				"CODE_SIGN_IDENTITY[sdk=iphoneos*]" = "iPhone Developer";
				COPY_PHASE_STRIP = NO;
				ENABLE_STRICT_OBJC_MSGSEND = YES;
				GCC_C_LANGUAGE_STANDARD = gnu99;
				GCC_DYNAMIC_NO_PIC = NO;
				GCC_OPTIMIZATION_LEVEL = 0;
				GCC_PRECOMPILE_PREFIX_HEADER = NO;
				GCC_PREFIX_HEADER = "";
				GCC_PREPROCESSOR_DEFINITIONS = (
					"DEBUG=1",
					"$(inherited)",
				);
				GCC_SYMBOLS_PRIVATE_EXTERN = NO;
				GCC_WARN_64_TO_32_BIT_CONVERSION = YES;
				GCC_WARN_ABOUT_RETURN_TYPE = YES_ERROR;
				GCC_WARN_UNDECLARED_SELECTOR = YES;
				GCC_WARN_UNINITIALIZED_AUTOS = YES_AGGRESSIVE;
				GCC_WARN_UNUSED_FUNCTION = YES;
				GCC_WARN_UNUSED_VARIABLE = YES;
				IPHONEOS_DEPLOYMENT_TARGET = 7.0;
				MTL_ENABLE_DEBUG_INFO = YES;
				ONLY_ACTIVE_ARCH = YES;
				SDKROOT = iphoneos;
				TARGETED_DEVICE_FAMILY = "1,2";
			};
			name = Debug;
		};
		483C2D621A5C72FB007B9995 /* Release */ = {
			isa = XCBuildConfiguration;
			buildSettings = {
				ALWAYS_SEARCH_USER_PATHS = NO;
				CLANG_CXX_LANGUAGE_STANDARD = "gnu++0x";
				CLANG_CXX_LIBRARY = "libc++";
				CLANG_ENABLE_MODULES = YES;
				CLANG_ENABLE_OBJC_ARC = YES;
				CLANG_WARN_BOOL_CONVERSION = YES;
				CLANG_WARN_CONSTANT_CONVERSION = YES;
				CLANG_WARN_DIRECT_OBJC_ISA_USAGE = YES_ERROR;
				CLANG_WARN_EMPTY_BODY = YES;
				CLANG_WARN_ENUM_CONVERSION = YES;
				CLANG_WARN_INT_CONVERSION = YES;
				CLANG_WARN_OBJC_ROOT_CLASS = YES_ERROR;
				CLANG_WARN_UNREACHABLE_CODE = YES;
				CLANG_WARN__DUPLICATE_METHOD_MATCH = YES;
				"CODE_SIGN_IDENTITY[sdk=iphoneos*]" = "iPhone Developer";
				COPY_PHASE_STRIP = YES;
				ENABLE_NS_ASSERTIONS = NO;
				ENABLE_STRICT_OBJC_MSGSEND = YES;
				GCC_C_LANGUAGE_STANDARD = gnu99;
				GCC_PRECOMPILE_PREFIX_HEADER = NO;
				GCC_PREFIX_HEADER = "";
				GCC_WARN_64_TO_32_BIT_CONVERSION = YES;
				GCC_WARN_ABOUT_RETURN_TYPE = YES_ERROR;
				GCC_WARN_UNDECLARED_SELECTOR = YES;
				GCC_WARN_UNINITIALIZED_AUTOS = YES_AGGRESSIVE;
				GCC_WARN_UNUSED_FUNCTION = YES;
				GCC_WARN_UNUSED_VARIABLE = YES;
				IPHONEOS_DEPLOYMENT_TARGET = 7.0;
				MTL_ENABLE_DEBUG_INFO = NO;
				SDKROOT = iphoneos;
				TARGETED_DEVICE_FAMILY = "1,2";
				VALIDATE_PRODUCT = YES;
			};
			name = Release;
		};
		483C2D641A5C72FB007B9995 /* Debug */ = {
			isa = XCBuildConfiguration;
			baseConfigurationReference = 33D19D9A881CFE329A7961F8 /* Pods.debug.xcconfig */;
			buildSettings = {
				ASSETCATALOG_COMPILER_APPICON_NAME = AppIcon;
				CODE_SIGN_IDENTITY = "iPhone Developer";
				FRAMEWORK_SEARCH_PATHS = (
					"$(inherited)",
					"$(PROJECT_DIR)",
				);
				GCC_PRECOMPILE_PREFIX_HEADER = YES;
				GCC_PREFIX_HEADER = "NPRFinder/NPRFinder-Prefix.pch";
				INFOPLIST_FILE = NPRFinder/Info.plist;
				LD_RUNPATH_SEARCH_PATHS = "$(inherited) @executable_path/Frameworks";
				PRODUCT_NAME = Discover;
				PROVISIONING_PROFILE = "7fbc042c-5f45-4d21-bc80-b1ec39933f58";
			};
			name = Debug;
		};
		483C2D651A5C72FB007B9995 /* Release */ = {
			isa = XCBuildConfiguration;
			baseConfigurationReference = E734911B2C8F14D8A94B2E77 /* Pods.release.xcconfig */;
			buildSettings = {
				ASSETCATALOG_COMPILER_APPICON_NAME = AppIcon;
				CODE_SIGN_IDENTITY = "iPhone Distribution: Bradley Smith (Q9WZ7ZSJK2)";
				FRAMEWORK_SEARCH_PATHS = (
					"$(inherited)",
					"$(PROJECT_DIR)",
				);
				GCC_PRECOMPILE_PREFIX_HEADER = YES;
				GCC_PREFIX_HEADER = "NPRFinder/NPRFinder-Prefix.pch";
				INFOPLIST_FILE = NPRFinder/Info.plist;
				LD_RUNPATH_SEARCH_PATHS = "$(inherited) @executable_path/Frameworks";
				PRODUCT_NAME = Discover;
				PROVISIONING_PROFILE = "d78108cc-8b27-4985-a542-c1e0a64ca95e";
			};
			name = Release;
		};
		483C2D671A5C72FB007B9995 /* Debug */ = {
			isa = XCBuildConfiguration;
			buildSettings = {
				BUNDLE_LOADER = "$(TEST_HOST)";
				FRAMEWORK_SEARCH_PATHS = (
					"$(SDKROOT)/Developer/Library/Frameworks",
					"$(inherited)",
				);
				GCC_PREPROCESSOR_DEFINITIONS = (
					"DEBUG=1",
					"$(inherited)",
				);
				INFOPLIST_FILE = NPRFinderTests/Info.plist;
				LD_RUNPATH_SEARCH_PATHS = "$(inherited) @executable_path/Frameworks @loader_path/Frameworks";
				PRODUCT_NAME = "$(TARGET_NAME)";
				TEST_HOST = "$(BUILT_PRODUCTS_DIR)/NPRFinder.app/NPRFinder";
			};
			name = Debug;
		};
		483C2D681A5C72FB007B9995 /* Release */ = {
			isa = XCBuildConfiguration;
			buildSettings = {
				BUNDLE_LOADER = "$(TEST_HOST)";
				FRAMEWORK_SEARCH_PATHS = (
					"$(SDKROOT)/Developer/Library/Frameworks",
					"$(inherited)",
				);
				INFOPLIST_FILE = NPRFinderTests/Info.plist;
				LD_RUNPATH_SEARCH_PATHS = "$(inherited) @executable_path/Frameworks @loader_path/Frameworks";
				PRODUCT_NAME = "$(TARGET_NAME)";
				TEST_HOST = "$(BUILT_PRODUCTS_DIR)/NPRFinder.app/NPRFinder";
			};
			name = Release;
		};
/* End XCBuildConfiguration section */

/* Begin XCConfigurationList section */
		483C2D3B1A5C72FA007B9995 /* Build configuration list for PBXProject "NPRFinder" */ = {
			isa = XCConfigurationList;
			buildConfigurations = (
				483C2D611A5C72FB007B9995 /* Debug */,
				483C2D621A5C72FB007B9995 /* Release */,
			);
			defaultConfigurationIsVisible = 0;
			defaultConfigurationName = Release;
		};
		483C2D631A5C72FB007B9995 /* Build configuration list for PBXNativeTarget "NPRFinder" */ = {
			isa = XCConfigurationList;
			buildConfigurations = (
				483C2D641A5C72FB007B9995 /* Debug */,
				483C2D651A5C72FB007B9995 /* Release */,
			);
			defaultConfigurationIsVisible = 0;
			defaultConfigurationName = Release;
		};
		483C2D661A5C72FB007B9995 /* Build configuration list for PBXNativeTarget "NPRFinderTests" */ = {
			isa = XCConfigurationList;
			buildConfigurations = (
				483C2D671A5C72FB007B9995 /* Debug */,
				483C2D681A5C72FB007B9995 /* Release */,
			);
			defaultConfigurationIsVisible = 0;
			defaultConfigurationName = Release;
		};
/* End XCConfigurationList section */
	};
	rootObject = 483C2D381A5C72FA007B9995 /* Project object */;
}
